// !$*UTF8*$!
{
	archiveVersion = 1;
	classes = {
	};
	objectVersion = 46;
	objects = {

/* Begin PBXBuildFile section */
		67273C8A1B39469200DAECDF /* Joka.entitlements in Resources */ = {isa = PBXBuildFile; fileRef = 67273C891B39469200DAECDF /* Joka.entitlements */; };
		67273C8D1B39510B00DAECDF /* JKTabBarViewController.m in Sources */ = {isa = PBXBuildFile; fileRef = 67273C8C1B39510B00DAECDF /* JKTabBarViewController.m */; };
		67273C911B3956FC00DAECDF /* SWRevealViewController.m in Sources */ = {isa = PBXBuildFile; fileRef = 67273C901B3956FC00DAECDF /* SWRevealViewController.m */; };
		67E12E9E1B31221700761D69 /* main.m in Sources */ = {isa = PBXBuildFile; fileRef = 67E12E9D1B31221700761D69 /* main.m */; };
		67E12EA11B31221700761D69 /* AppDelegate.m in Sources */ = {isa = PBXBuildFile; fileRef = 67E12EA01B31221700761D69 /* AppDelegate.m */; };
		67E12EA41B31221700761D69 /* ViewController.m in Sources */ = {isa = PBXBuildFile; fileRef = 67E12EA31B31221700761D69 /* ViewController.m */; };
		67E12EA71B31221700761D69 /* Main.storyboard in Resources */ = {isa = PBXBuildFile; fileRef = 67E12EA51B31221700761D69 /* Main.storyboard */; };
		67E12EA91B31221700761D69 /* Images.xcassets in Resources */ = {isa = PBXBuildFile; fileRef = 67E12EA81B31221700761D69 /* Images.xcassets */; };
		67E12EAC1B31221700761D69 /* LaunchScreen.xib in Resources */ = {isa = PBXBuildFile; fileRef = 67E12EAA1B31221700761D69 /* LaunchScreen.xib */; };
		67E12EB81B31221700761D69 /* JokaTests.m in Sources */ = {isa = PBXBuildFile; fileRef = 67E12EB71B31221700761D69 /* JokaTests.m */; };
		67E12ED51B3122E100761D69 /* Security.framework in Frameworks */ = {isa = PBXBuildFile; fileRef = 67E12ED41B3122E100761D69 /* Security.framework */; };
		67E12ED81B31234B00761D69 /* LoginViewController.m in Sources */ = {isa = PBXBuildFile; fileRef = 67E12ED71B31234B00761D69 /* LoginViewController.m */; };
		67E12EDC1B312E6200761D69 /* UserAccountManager.m in Sources */ = {isa = PBXBuildFile; fileRef = 67E12EDB1B312E6200761D69 /* UserAccountManager.m */; };
		67E12F1D1B31491000761D69 /* JKPushDelegate.m in Sources */ = {isa = PBXBuildFile; fileRef = 67E12F1C1B31491000761D69 /* JKPushDelegate.m */; };
		67E12F201B315D6100761D69 /* JKPersonalProfileViewController.m in Sources */ = {isa = PBXBuildFile; fileRef = 67E12F1F1B315D6100761D69 /* JKPersonalProfileViewController.m */; };
		67E12F241B3170B100761D69 /* JKFriendsViewController.m in Sources */ = {isa = PBXBuildFile; fileRef = 67E12F231B3170B100761D69 /* JKFriendsViewController.m */; };
		67E12F2A1B32598600761D69 /* JKChatViewController.m in Sources */ = {isa = PBXBuildFile; fileRef = 67E12F291B32598600761D69 /* JKChatViewController.m */; };
		67E12F2E1B32677200761D69 /* JKProfileViewController.m in Sources */ = {isa = PBXBuildFile; fileRef = 67E12F2D1B32677200761D69 /* JKProfileViewController.m */; };
		67E12F321B32BA9400761D69 /* JKLightspeedManager.m in Sources */ = {isa = PBXBuildFile; fileRef = 67E12F311B32BA9400761D69 /* JKLightspeedManager.m */; };
		67F7C7B51B37FF3E0026E344 /* JKEnterUserInfoViewController.m in Sources */ = {isa = PBXBuildFile; fileRef = 67F7C7B41B37FF3E0026E344 /* JKEnterUserInfoViewController.m */; };
		67F7C7FD1B3917920026E344 /* libLightspeed-arm64-2.22.a in Frameworks */ = {isa = PBXBuildFile; fileRef = 67F7C7F51B3917920026E344 /* libLightspeed-arm64-2.22.a */; };
		67F7C7FE1B3917920026E344 /* libLightspeed-armv7-2.22.a in Frameworks */ = {isa = PBXBuildFile; fileRef = 67F7C7F61B3917920026E344 /* libLightspeed-armv7-2.22.a */; };
		67F7C7FF1B3917920026E344 /* libLightspeed-armv7s-2.22.a in Frameworks */ = {isa = PBXBuildFile; fileRef = 67F7C7F71B3917920026E344 /* libLightspeed-armv7s-2.22.a */; };
		67F7C8001B3917920026E344 /* libLightspeed-i386-2.22.a in Frameworks */ = {isa = PBXBuildFile; fileRef = 67F7C7F81B3917920026E344 /* libLightspeed-i386-2.22.a */; };
		67F7C8011B3917920026E344 /* libLightspeed-x86_64-2.22.a in Frameworks */ = {isa = PBXBuildFile; fileRef = 67F7C7F91B3917920026E344 /* libLightspeed-x86_64-2.22.a */; };
/* End PBXBuildFile section */

/* Begin PBXContainerItemProxy section */
		67E12EB21B31221700761D69 /* PBXContainerItemProxy */ = {
			isa = PBXContainerItemProxy;
			containerPortal = 67E12E901B31221700761D69 /* Project object */;
			proxyType = 1;
			remoteGlobalIDString = 67E12E971B31221700761D69;
			remoteInfo = Joka;
		};
/* End PBXContainerItemProxy section */

/* Begin PBXFileReference section */
		67273C891B39469200DAECDF /* Joka.entitlements */ = {isa = PBXFileReference; fileEncoding = 4; lastKnownFileType = text.xml; path = Joka.entitlements; sourceTree = "<group>"; };
		67273C8B1B39510B00DAECDF /* JKTabBarViewController.h */ = {isa = PBXFileReference; fileEncoding = 4; lastKnownFileType = sourcecode.c.h; path = JKTabBarViewController.h; sourceTree = "<group>"; };
		67273C8C1B39510B00DAECDF /* JKTabBarViewController.m */ = {isa = PBXFileReference; fileEncoding = 4; lastKnownFileType = sourcecode.c.objc; path = JKTabBarViewController.m; sourceTree = "<group>"; };
		67273C8F1B3956FC00DAECDF /* SWRevealViewController.h */ = {isa = PBXFileReference; fileEncoding = 4; lastKnownFileType = sourcecode.c.h; path = SWRevealViewController.h; sourceTree = "<group>"; };
		67273C901B3956FC00DAECDF /* SWRevealViewController.m */ = {isa = PBXFileReference; fileEncoding = 4; lastKnownFileType = sourcecode.c.objc; path = SWRevealViewController.m; sourceTree = "<group>"; };
		67E12E981B31221700761D69 /* Joka.app */ = {isa = PBXFileReference; explicitFileType = wrapper.application; includeInIndex = 0; path = Joka.app; sourceTree = BUILT_PRODUCTS_DIR; };
		67E12E9C1B31221700761D69 /* Info.plist */ = {isa = PBXFileReference; lastKnownFileType = text.plist.xml; path = Info.plist; sourceTree = "<group>"; };
		67E12E9D1B31221700761D69 /* main.m */ = {isa = PBXFileReference; lastKnownFileType = sourcecode.c.objc; path = main.m; sourceTree = "<group>"; };
		67E12E9F1B31221700761D69 /* AppDelegate.h */ = {isa = PBXFileReference; lastKnownFileType = sourcecode.c.h; path = AppDelegate.h; sourceTree = "<group>"; };
		67E12EA01B31221700761D69 /* AppDelegate.m */ = {isa = PBXFileReference; lastKnownFileType = sourcecode.c.objc; path = AppDelegate.m; sourceTree = "<group>"; };
		67E12EA21B31221700761D69 /* ViewController.h */ = {isa = PBXFileReference; lastKnownFileType = sourcecode.c.h; path = ViewController.h; sourceTree = "<group>"; };
		67E12EA31B31221700761D69 /* ViewController.m */ = {isa = PBXFileReference; lastKnownFileType = sourcecode.c.objc; path = ViewController.m; sourceTree = "<group>"; };
		67E12EA61B31221700761D69 /* Base */ = {isa = PBXFileReference; lastKnownFileType = file.storyboard; name = Base; path = Base.lproj/Main.storyboard; sourceTree = "<group>"; };
		67E12EA81B31221700761D69 /* Images.xcassets */ = {isa = PBXFileReference; lastKnownFileType = folder.assetcatalog; path = Images.xcassets; sourceTree = "<group>"; };
		67E12EAB1B31221700761D69 /* Base */ = {isa = PBXFileReference; lastKnownFileType = file.xib; name = Base; path = Base.lproj/LaunchScreen.xib; sourceTree = "<group>"; };
		67E12EB11B31221700761D69 /* JokaTests.xctest */ = {isa = PBXFileReference; explicitFileType = wrapper.cfbundle; includeInIndex = 0; path = JokaTests.xctest; sourceTree = BUILT_PRODUCTS_DIR; };
		67E12EB61B31221700761D69 /* Info.plist */ = {isa = PBXFileReference; lastKnownFileType = text.plist.xml; path = Info.plist; sourceTree = "<group>"; };
		67E12EB71B31221700761D69 /* JokaTests.m */ = {isa = PBXFileReference; lastKnownFileType = sourcecode.c.objc; path = JokaTests.m; sourceTree = "<group>"; };
		67E12ED41B3122E100761D69 /* Security.framework */ = {isa = PBXFileReference; lastKnownFileType = wrapper.framework; name = Security.framework; path = System/Library/Frameworks/Security.framework; sourceTree = SDKROOT; };
		67E12ED61B31234B00761D69 /* LoginViewController.h */ = {isa = PBXFileReference; fileEncoding = 4; lastKnownFileType = sourcecode.c.h; path = LoginViewController.h; sourceTree = "<group>"; };
		67E12ED71B31234B00761D69 /* LoginViewController.m */ = {isa = PBXFileReference; fileEncoding = 4; lastKnownFileType = sourcecode.c.objc; path = LoginViewController.m; sourceTree = "<group>"; };
		67E12EDA1B312E6200761D69 /* UserAccountManager.h */ = {isa = PBXFileReference; fileEncoding = 4; lastKnownFileType = sourcecode.c.h; path = UserAccountManager.h; sourceTree = "<group>"; };
		67E12EDB1B312E6200761D69 /* UserAccountManager.m */ = {isa = PBXFileReference; fileEncoding = 4; lastKnownFileType = sourcecode.c.objc; path = UserAccountManager.m; sourceTree = "<group>"; };
		67E12F1B1B31491000761D69 /* JKPushDelegate.h */ = {isa = PBXFileReference; fileEncoding = 4; lastKnownFileType = sourcecode.c.h; path = JKPushDelegate.h; sourceTree = "<group>"; };
		67E12F1C1B31491000761D69 /* JKPushDelegate.m */ = {isa = PBXFileReference; fileEncoding = 4; lastKnownFileType = sourcecode.c.objc; path = JKPushDelegate.m; sourceTree = "<group>"; };
		67E12F1E1B315D6100761D69 /* JKPersonalProfileViewController.h */ = {isa = PBXFileReference; fileEncoding = 4; lastKnownFileType = sourcecode.c.h; path = JKPersonalProfileViewController.h; sourceTree = "<group>"; };
		67E12F1F1B315D6100761D69 /* JKPersonalProfileViewController.m */ = {isa = PBXFileReference; fileEncoding = 4; lastKnownFileType = sourcecode.c.objc; path = JKPersonalProfileViewController.m; sourceTree = "<group>"; };
		67E12F221B3170B100761D69 /* JKFriendsViewController.h */ = {isa = PBXFileReference; fileEncoding = 4; lastKnownFileType = sourcecode.c.h; path = JKFriendsViewController.h; sourceTree = "<group>"; };
		67E12F231B3170B100761D69 /* JKFriendsViewController.m */ = {isa = PBXFileReference; fileEncoding = 4; lastKnownFileType = sourcecode.c.objc; path = JKFriendsViewController.m; sourceTree = "<group>"; };
		67E12F271B317E0400761D69 /* JokaCredentials.h */ = {isa = PBXFileReference; lastKnownFileType = sourcecode.c.h; path = JokaCredentials.h; sourceTree = "<group>"; };
		67E12F281B32598600761D69 /* JKChatViewController.h */ = {isa = PBXFileReference; fileEncoding = 4; lastKnownFileType = sourcecode.c.h; path = JKChatViewController.h; sourceTree = "<group>"; };
		67E12F291B32598600761D69 /* JKChatViewController.m */ = {isa = PBXFileReference; fileEncoding = 4; lastKnownFileType = sourcecode.c.objc; path = JKChatViewController.m; sourceTree = "<group>"; };
		67E12F2C1B32677200761D69 /* JKProfileViewController.h */ = {isa = PBXFileReference; fileEncoding = 4; lastKnownFileType = sourcecode.c.h; path = JKProfileViewController.h; sourceTree = "<group>"; };
		67E12F2D1B32677200761D69 /* JKProfileViewController.m */ = {isa = PBXFileReference; fileEncoding = 4; lastKnownFileType = sourcecode.c.objc; path = JKProfileViewController.m; sourceTree = "<group>"; };
		67E12F301B32BA9400761D69 /* JKLightspeedManager.h */ = {isa = PBXFileReference; fileEncoding = 4; lastKnownFileType = sourcecode.c.h; path = JKLightspeedManager.h; sourceTree = "<group>"; };
		67E12F311B32BA9400761D69 /* JKLightspeedManager.m */ = {isa = PBXFileReference; fileEncoding = 4; lastKnownFileType = sourcecode.c.objc; path = JKLightspeedManager.m; sourceTree = "<group>"; };
		67F7C7B31B37FF3E0026E344 /* JKEnterUserInfoViewController.h */ = {isa = PBXFileReference; fileEncoding = 4; lastKnownFileType = sourcecode.c.h; path = JKEnterUserInfoViewController.h; sourceTree = "<group>"; };
		67F7C7B41B37FF3E0026E344 /* JKEnterUserInfoViewController.m */ = {isa = PBXFileReference; fileEncoding = 4; lastKnownFileType = sourcecode.c.objc; path = JKEnterUserInfoViewController.m; sourceTree = "<group>"; };
		67F7C7EA1B3917920026E344 /* AnDeviceManager.h */ = {isa = PBXFileReference; fileEncoding = 4; lastKnownFileType = sourcecode.c.h; path = AnDeviceManager.h; sourceTree = "<group>"; };
		67F7C7EB1B3917920026E344 /* AnIM.h */ = {isa = PBXFileReference; fileEncoding = 4; lastKnownFileType = sourcecode.c.h; path = AnIM.h; sourceTree = "<group>"; };
		67F7C7EC1B3917920026E344 /* AnIMMessage.h */ = {isa = PBXFileReference; fileEncoding = 4; lastKnownFileType = sourcecode.c.h; path = AnIMMessage.h; sourceTree = "<group>"; };
		67F7C7F11B3917920026E344 /* AnPush.h */ = {isa = PBXFileReference; fileEncoding = 4; lastKnownFileType = sourcecode.c.h; path = AnPush.h; sourceTree = "<group>"; };
		67F7C7F21B3917920026E344 /* AnSocial.h */ = {isa = PBXFileReference; fileEncoding = 4; lastKnownFileType = sourcecode.c.h; path = AnSocial.h; sourceTree = "<group>"; };
		67F7C7F31B3917920026E344 /* AnSocialFile.h */ = {isa = PBXFileReference; fileEncoding = 4; lastKnownFileType = sourcecode.c.h; path = AnSocialFile.h; sourceTree = "<group>"; };
		67F7C7F41B3917920026E344 /* ArrownockException.h */ = {isa = PBXFileReference; fileEncoding = 4; lastKnownFileType = sourcecode.c.h; path = ArrownockException.h; sourceTree = "<group>"; };
		67F7C7F51B3917920026E344 /* libLightspeed-arm64-2.22.a */ = {isa = PBXFileReference; lastKnownFileType = archive.ar; path = "libLightspeed-arm64-2.22.a"; sourceTree = "<group>"; };
		67F7C7F61B3917920026E344 /* libLightspeed-armv7-2.22.a */ = {isa = PBXFileReference; lastKnownFileType = archive.ar; path = "libLightspeed-armv7-2.22.a"; sourceTree = "<group>"; };
		67F7C7F71B3917920026E344 /* libLightspeed-armv7s-2.22.a */ = {isa = PBXFileReference; lastKnownFileType = archive.ar; path = "libLightspeed-armv7s-2.22.a"; sourceTree = "<group>"; };
		67F7C7F81B3917920026E344 /* libLightspeed-i386-2.22.a */ = {isa = PBXFileReference; lastKnownFileType = archive.ar; path = "libLightspeed-i386-2.22.a"; sourceTree = "<group>"; };
		67F7C7F91B3917920026E344 /* libLightspeed-x86_64-2.22.a */ = {isa = PBXFileReference; lastKnownFileType = archive.ar; path = "libLightspeed-x86_64-2.22.a"; sourceTree = "<group>"; };
/* End PBXFileReference section */

/* Begin PBXFrameworksBuildPhase section */
		67E12E951B31221700761D69 /* Frameworks */ = {
			isa = PBXFrameworksBuildPhase;
			buildActionMask = 2147483647;
			files = (
				67F7C8001B3917920026E344 /* libLightspeed-i386-2.22.a in Frameworks */,
				67E12ED51B3122E100761D69 /* Security.framework in Frameworks */,
				67F7C7FD1B3917920026E344 /* libLightspeed-arm64-2.22.a in Frameworks */,
				67F7C8011B3917920026E344 /* libLightspeed-x86_64-2.22.a in Frameworks */,
				67F7C7FE1B3917920026E344 /* libLightspeed-armv7-2.22.a in Frameworks */,
				67F7C7FF1B3917920026E344 /* libLightspeed-armv7s-2.22.a in Frameworks */,
			);
			runOnlyForDeploymentPostprocessing = 0;
		};
		67E12EAE1B31221700761D69 /* Frameworks */ = {
			isa = PBXFrameworksBuildPhase;
			buildActionMask = 2147483647;
			files = (
			);
			runOnlyForDeploymentPostprocessing = 0;
		};
/* End PBXFrameworksBuildPhase section */

/* Begin PBXGroup section */
		67273C8E1B3956FC00DAECDF /* SWRevealViewController */ = {
			isa = PBXGroup;
			children = (
				67273C8F1B3956FC00DAECDF /* SWRevealViewController.h */,
				67273C901B3956FC00DAECDF /* SWRevealViewController.m */,
			);
			path = SWRevealViewController;
			sourceTree = "<group>";
		};
		67E12E8F1B31221700761D69 = {
			isa = PBXGroup;
			children = (
				67F7C7E31B3917920026E344 /* lightspeed_ios_sdk_2.22 */,
				67E12ED41B3122E100761D69 /* Security.framework */,
				67E12E9A1B31221700761D69 /* Joka */,
				67E12EB41B31221700761D69 /* JokaTests */,
				67E12E991B31221700761D69 /* Products */,
			);
			sourceTree = "<group>";
		};
		67E12E991B31221700761D69 /* Products */ = {
			isa = PBXGroup;
			children = (
				67E12E981B31221700761D69 /* Joka.app */,
				67E12EB11B31221700761D69 /* JokaTests.xctest */,
			);
			name = Products;
			sourceTree = "<group>";
		};
		67E12E9A1B31221700761D69 /* Joka */ = {
			isa = PBXGroup;
			children = (
				67273C8E1B3956FC00DAECDF /* SWRevealViewController */,
				67273C891B39469200DAECDF /* Joka.entitlements */,
				67E12F271B317E0400761D69 /* JokaCredentials.h */,
				67E12E9F1B31221700761D69 /* AppDelegate.h */,
				67E12EA01B31221700761D69 /* AppDelegate.m */,
				67E12F331B32BA9A00761D69 /* LightspeedManager */,
				67E12EA21B31221700761D69 /* ViewController.h */,
				67E12EA31B31221700761D69 /* ViewController.m */,
				67E12F2F1B32677500761D69 /* ProfileView */,
				67E12F2B1B32598A00761D69 /* ChatView */,
				67E12F261B3170BE00761D69 /* FriendsView */,
				67E12F211B315D6A00761D69 /* PersonalProfileView */,
				67E12ED91B312E1000761D69 /* LoginSignupView */,
				67E12EA51B31221700761D69 /* Main.storyboard */,
				67E12EDA1B312E6200761D69 /* UserAccountManager.h */,
				67E12EDB1B312E6200761D69 /* UserAccountManager.m */,
				67E12EA81B31221700761D69 /* Images.xcassets */,
				67E12EAA1B31221700761D69 /* LaunchScreen.xib */,
				67E12E9B1B31221700761D69 /* Supporting Files */,
				67E12F1B1B31491000761D69 /* JKPushDelegate.h */,
				67E12F1C1B31491000761D69 /* JKPushDelegate.m */,
				67273C8B1B39510B00DAECDF /* JKTabBarViewController.h */,
				67273C8C1B39510B00DAECDF /* JKTabBarViewController.m */,
			);
			path = Joka;
			sourceTree = "<group>";
		};
		67E12E9B1B31221700761D69 /* Supporting Files */ = {
			isa = PBXGroup;
			children = (
				67E12E9C1B31221700761D69 /* Info.plist */,
				67E12E9D1B31221700761D69 /* main.m */,
			);
			name = "Supporting Files";
			sourceTree = "<group>";
		};
		67E12EB41B31221700761D69 /* JokaTests */ = {
			isa = PBXGroup;
			children = (
				67E12EB71B31221700761D69 /* JokaTests.m */,
				67E12EB51B31221700761D69 /* Supporting Files */,
			);
			path = JokaTests;
			sourceTree = "<group>";
		};
		67E12EB51B31221700761D69 /* Supporting Files */ = {
			isa = PBXGroup;
			children = (
				67E12EB61B31221700761D69 /* Info.plist */,
			);
			name = "Supporting Files";
			sourceTree = "<group>";
		};
		67E12ED91B312E1000761D69 /* LoginSignupView */ = {
			isa = PBXGroup;
			children = (
				67E12ED61B31234B00761D69 /* LoginViewController.h */,
				67E12ED71B31234B00761D69 /* LoginViewController.m */,
			);
			name = LoginSignupView;
			sourceTree = "<group>";
		};
		67E12F211B315D6A00761D69 /* PersonalProfileView */ = {
			isa = PBXGroup;
			children = (
				67E12F1E1B315D6100761D69 /* JKPersonalProfileViewController.h */,
				67E12F1F1B315D6100761D69 /* JKPersonalProfileViewController.m */,
				67F7C7B31B37FF3E0026E344 /* JKEnterUserInfoViewController.h */,
				67F7C7B41B37FF3E0026E344 /* JKEnterUserInfoViewController.m */,
			);
			name = PersonalProfileView;
			sourceTree = "<group>";
		};
		67E12F261B3170BE00761D69 /* FriendsView */ = {
			isa = PBXGroup;
			children = (
				67E12F221B3170B100761D69 /* JKFriendsViewController.h */,
				67E12F231B3170B100761D69 /* JKFriendsViewController.m */,
			);
			name = FriendsView;
			sourceTree = "<group>";
		};
		67E12F2B1B32598A00761D69 /* ChatView */ = {
			isa = PBXGroup;
			children = (
				67E12F281B32598600761D69 /* JKChatViewController.h */,
				67E12F291B32598600761D69 /* JKChatViewController.m */,
			);
			name = ChatView;
			sourceTree = "<group>";
		};
		67E12F2F1B32677500761D69 /* ProfileView */ = {
			isa = PBXGroup;
			children = (
				67E12F2C1B32677200761D69 /* JKProfileViewController.h */,
				67E12F2D1B32677200761D69 /* JKProfileViewController.m */,
			);
			name = ProfileView;
			sourceTree = "<group>";
		};
		67E12F331B32BA9A00761D69 /* LightspeedManager */ = {
			isa = PBXGroup;
			children = (
				67E12F301B32BA9400761D69 /* JKLightspeedManager.h */,
				67E12F311B32BA9400761D69 /* JKLightspeedManager.m */,
			);
			name = LightspeedManager;
			sourceTree = "<group>";
		};
		67F7C7E31B3917920026E344 /* lightspeed_ios_sdk_2.22 */ = {
			isa = PBXGroup;
			children = (
				67F7C7E81B3917920026E344 /* include */,
				67F7C7F51B3917920026E344 /* libLightspeed-arm64-2.22.a */,
				67F7C7F61B3917920026E344 /* libLightspeed-armv7-2.22.a */,
				67F7C7F71B3917920026E344 /* libLightspeed-armv7s-2.22.a */,
				67F7C7F81B3917920026E344 /* libLightspeed-i386-2.22.a */,
				67F7C7F91B3917920026E344 /* libLightspeed-x86_64-2.22.a */,
			);
			path = lightspeed_ios_sdk_2.22;
			sourceTree = "<group>";
		};
		67F7C7E81B3917920026E344 /* include */ = {
			isa = PBXGroup;
			children = (
				67F7C7E91B3917920026E344 /* Arrownock */,
			);
			path = include;
			sourceTree = "<group>";
		};
		67F7C7E91B3917920026E344 /* Arrownock */ = {
			isa = PBXGroup;
			children = (
				67F7C7EA1B3917920026E344 /* AnDeviceManager.h */,
				67F7C7EB1B3917920026E344 /* AnIM.h */,
				67F7C7EC1B3917920026E344 /* AnIMMessage.h */,
				67F7C7F11B3917920026E344 /* AnPush.h */,
				67F7C7F21B3917920026E344 /* AnSocial.h */,
				67F7C7F31B3917920026E344 /* AnSocialFile.h */,
				67F7C7F41B3917920026E344 /* ArrownockException.h */,
			);
			path = Arrownock;
			sourceTree = "<group>";
		};
/* End PBXGroup section */

/* Begin PBXNativeTarget section */
		67E12E971B31221700761D69 /* Joka */ = {
			isa = PBXNativeTarget;
			buildConfigurationList = 67E12EBB1B31221700761D69 /* Build configuration list for PBXNativeTarget "Joka" */;
			buildPhases = (
				67E12E941B31221700761D69 /* Sources */,
				67E12E951B31221700761D69 /* Frameworks */,
				67E12E961B31221700761D69 /* Resources */,
			);
			buildRules = (
			);
			dependencies = (
			);
			name = Joka;
			productName = Joka;
			productReference = 67E12E981B31221700761D69 /* Joka.app */;
			productType = "com.apple.product-type.application";
		};
		67E12EB01B31221700761D69 /* JokaTests */ = {
			isa = PBXNativeTarget;
			buildConfigurationList = 67E12EBE1B31221700761D69 /* Build configuration list for PBXNativeTarget "JokaTests" */;
			buildPhases = (
				67E12EAD1B31221700761D69 /* Sources */,
				67E12EAE1B31221700761D69 /* Frameworks */,
				67E12EAF1B31221700761D69 /* Resources */,
			);
			buildRules = (
			);
			dependencies = (
				67E12EB31B31221700761D69 /* PBXTargetDependency */,
			);
			name = JokaTests;
			productName = JokaTests;
			productReference = 67E12EB11B31221700761D69 /* JokaTests.xctest */;
			productType = "com.apple.product-type.bundle.unit-test";
		};
/* End PBXNativeTarget section */

/* Begin PBXProject section */
		67E12E901B31221700761D69 /* Project object */ = {
			isa = PBXProject;
			attributes = {
				CLASSPREFIX = JK;
				LastUpgradeCheck = 0630;
				ORGANIZATIONNAME = "雷翊廷";
				TargetAttributes = {
					67E12E971B31221700761D69 = {
						CreatedOnToolsVersion = 6.3.2;
						DevelopmentTeam = BXVM339AGG;
						SystemCapabilities = {
							com.apple.iCloud = {
								enabled = 0;
							};
						};
					};
					67E12EB01B31221700761D69 = {
						CreatedOnToolsVersion = 6.3.2;
						TestTargetID = 67E12E971B31221700761D69;
					};
				};
			};
			buildConfigurationList = 67E12E931B31221700761D69 /* Build configuration list for PBXProject "Joka" */;
			compatibilityVersion = "Xcode 3.2";
			developmentRegion = English;
			hasScannedForEncodings = 0;
			knownRegions = (
				en,
				Base,
			);
			mainGroup = 67E12E8F1B31221700761D69;
			productRefGroup = 67E12E991B31221700761D69 /* Products */;
			projectDirPath = "";
			projectRoot = "";
			targets = (
				67E12E971B31221700761D69 /* Joka */,
				67E12EB01B31221700761D69 /* JokaTests */,
			);
		};
/* End PBXProject section */

/* Begin PBXResourcesBuildPhase section */
		67E12E961B31221700761D69 /* Resources */ = {
			isa = PBXResourcesBuildPhase;
			buildActionMask = 2147483647;
			files = (
				67273C8A1B39469200DAECDF /* Joka.entitlements in Resources */,
				67E12EA71B31221700761D69 /* Main.storyboard in Resources */,
				67E12EAC1B31221700761D69 /* LaunchScreen.xib in Resources */,
				67E12EA91B31221700761D69 /* Images.xcassets in Resources */,
			);
			runOnlyForDeploymentPostprocessing = 0;
		};
		67E12EAF1B31221700761D69 /* Resources */ = {
			isa = PBXResourcesBuildPhase;
			buildActionMask = 2147483647;
			files = (
			);
			runOnlyForDeploymentPostprocessing = 0;
		};
/* End PBXResourcesBuildPhase section */

/* Begin PBXSourcesBuildPhase section */
		67E12E941B31221700761D69 /* Sources */ = {
			isa = PBXSourcesBuildPhase;
			buildActionMask = 2147483647;
			files = (
				67E12ED81B31234B00761D69 /* LoginViewController.m in Sources */,
				67E12F2A1B32598600761D69 /* JKChatViewController.m in Sources */,
				67E12F201B315D6100761D69 /* JKPersonalProfileViewController.m in Sources */,
				67E12F1D1B31491000761D69 /* JKPushDelegate.m in Sources */,
				67E12F241B3170B100761D69 /* JKFriendsViewController.m in Sources */,
				67E12F321B32BA9400761D69 /* JKLightspeedManager.m in Sources */,
				67E12EA41B31221700761D69 /* ViewController.m in Sources */,
				67273C911B3956FC00DAECDF /* SWRevealViewController.m in Sources */,
				67F7C7B51B37FF3E0026E344 /* JKEnterUserInfoViewController.m in Sources */,
				67E12EA11B31221700761D69 /* AppDelegate.m in Sources */,
				67E12F2E1B32677200761D69 /* JKProfileViewController.m in Sources */,
				67E12E9E1B31221700761D69 /* main.m in Sources */,
				67E12EDC1B312E6200761D69 /* UserAccountManager.m in Sources */,
				67273C8D1B39510B00DAECDF /* JKTabBarViewController.m in Sources */,
			);
			runOnlyForDeploymentPostprocessing = 0;
		};
		67E12EAD1B31221700761D69 /* Sources */ = {
			isa = PBXSourcesBuildPhase;
			buildActionMask = 2147483647;
			files = (
				67E12EB81B31221700761D69 /* JokaTests.m in Sources */,
			);
			runOnlyForDeploymentPostprocessing = 0;
		};
/* End PBXSourcesBuildPhase section */

/* Begin PBXTargetDependency section */
		67E12EB31B31221700761D69 /* PBXTargetDependency */ = {
			isa = PBXTargetDependency;
			target = 67E12E971B31221700761D69 /* Joka */;
			targetProxy = 67E12EB21B31221700761D69 /* PBXContainerItemProxy */;
		};
/* End PBXTargetDependency section */

/* Begin PBXVariantGroup section */
		67E12EA51B31221700761D69 /* Main.storyboard */ = {
			isa = PBXVariantGroup;
			children = (
				67E12EA61B31221700761D69 /* Base */,
			);
			name = Main.storyboard;
			sourceTree = "<group>";
		};
		67E12EAA1B31221700761D69 /* LaunchScreen.xib */ = {
			isa = PBXVariantGroup;
			children = (
				67E12EAB1B31221700761D69 /* Base */,
			);
			name = LaunchScreen.xib;
			sourceTree = "<group>";
		};
/* End PBXVariantGroup section */

/* Begin XCBuildConfiguration section */
		67E12EB91B31221700761D69 /* Debug */ = {
			isa = XCBuildConfiguration;
			buildSettings = {
				ALWAYS_SEARCH_USER_PATHS = NO;
				CLANG_CXX_LANGUAGE_STANDARD = "gnu++0x";
				CLANG_CXX_LIBRARY = "libc++";
				CLANG_ENABLE_MODULES = YES;
				CLANG_ENABLE_OBJC_ARC = YES;
				CLANG_WARN_BOOL_CONVERSION = YES;
				CLANG_WARN_CONSTANT_CONVERSION = YES;
				CLANG_WARN_DIRECT_OBJC_ISA_USAGE = YES_ERROR;
				CLANG_WARN_EMPTY_BODY = YES;
				CLANG_WARN_ENUM_CONVERSION = YES;
				CLANG_WARN_INT_CONVERSION = YES;
				CLANG_WARN_OBJC_ROOT_CLASS = YES_ERROR;
				CLANG_WARN_UNREACHABLE_CODE = YES;
				CLANG_WARN__DUPLICATE_METHOD_MATCH = YES;
				"CODE_SIGN_IDENTITY[sdk=iphoneos*]" = "iPhone Developer";
				COPY_PHASE_STRIP = NO;
				DEBUG_INFORMATION_FORMAT = "dwarf-with-dsym";
				ENABLE_STRICT_OBJC_MSGSEND = YES;
				GCC_C_LANGUAGE_STANDARD = gnu99;
				GCC_DYNAMIC_NO_PIC = NO;
				GCC_NO_COMMON_BLOCKS = YES;
				GCC_OPTIMIZATION_LEVEL = 0;
				GCC_PREPROCESSOR_DEFINITIONS = (
					"DEBUG=1",
					"$(inherited)",
				);
				GCC_SYMBOLS_PRIVATE_EXTERN = NO;
				GCC_WARN_64_TO_32_BIT_CONVERSION = YES;
				GCC_WARN_ABOUT_RETURN_TYPE = YES_ERROR;
				GCC_WARN_UNDECLARED_SELECTOR = YES;
				GCC_WARN_UNINITIALIZED_AUTOS = YES_AGGRESSIVE;
				GCC_WARN_UNUSED_FUNCTION = YES;
				GCC_WARN_UNUSED_VARIABLE = YES;
				IPHONEOS_DEPLOYMENT_TARGET = 8.3;
				MTL_ENABLE_DEBUG_INFO = YES;
				ONLY_ACTIVE_ARCH = YES;
				SDKROOT = iphoneos;
			};
			name = Debug;
		};
		67E12EBA1B31221700761D69 /* Release */ = {
			isa = XCBuildConfiguration;
			buildSettings = {
				ALWAYS_SEARCH_USER_PATHS = NO;
				CLANG_CXX_LANGUAGE_STANDARD = "gnu++0x";
				CLANG_CXX_LIBRARY = "libc++";
				CLANG_ENABLE_MODULES = YES;
				CLANG_ENABLE_OBJC_ARC = YES;
				CLANG_WARN_BOOL_CONVERSION = YES;
				CLANG_WARN_CONSTANT_CONVERSION = YES;
				CLANG_WARN_DIRECT_OBJC_ISA_USAGE = YES_ERROR;
				CLANG_WARN_EMPTY_BODY = YES;
				CLANG_WARN_ENUM_CONVERSION = YES;
				CLANG_WARN_INT_CONVERSION = YES;
				CLANG_WARN_OBJC_ROOT_CLASS = YES_ERROR;
				CLANG_WARN_UNREACHABLE_CODE = YES;
				CLANG_WARN__DUPLICATE_METHOD_MATCH = YES;
				"CODE_SIGN_IDENTITY[sdk=iphoneos*]" = "iPhone Developer";
				COPY_PHASE_STRIP = NO;
				DEBUG_INFORMATION_FORMAT = "dwarf-with-dsym";
				ENABLE_NS_ASSERTIONS = NO;
				ENABLE_STRICT_OBJC_MSGSEND = YES;
				GCC_C_LANGUAGE_STANDARD = gnu99;
				GCC_NO_COMMON_BLOCKS = YES;
				GCC_WARN_64_TO_32_BIT_CONVERSION = YES;
				GCC_WARN_ABOUT_RETURN_TYPE = YES_ERROR;
				GCC_WARN_UNDECLARED_SELECTOR = YES;
				GCC_WARN_UNINITIALIZED_AUTOS = YES_AGGRESSIVE;
				GCC_WARN_UNUSED_FUNCTION = YES;
				GCC_WARN_UNUSED_VARIABLE = YES;
				IPHONEOS_DEPLOYMENT_TARGET = 8.3;
				MTL_ENABLE_DEBUG_INFO = NO;
				SDKROOT = iphoneos;
				VALIDATE_PRODUCT = YES;
			};
			name = Release;
		};
		67E12EBC1B31221700761D69 /* Debug */ = {
			isa = XCBuildConfiguration;
			buildSettings = {
				ASSETCATALOG_COMPILER_APPICON_NAME = AppIcon;
				CODE_SIGN_ENTITLEMENTS = "";
				CODE_SIGN_IDENTITY = "iPhone Developer";
				"CODE_SIGN_IDENTITY[sdk=iphoneos*]" = "iPhone Developer";
				HEADER_SEARCH_PATHS = (
					"$(inherited)",
					"$(PROJECT_DIR)/lightspeed_ios_sdk_2.22/**",
				);
				INFOPLIST_FILE = Joka/Info.plist;
				IPHONEOS_DEPLOYMENT_TARGET = 8.0;
				LD_RUNPATH_SEARCH_PATHS = "$(inherited) @executable_path/Frameworks";
				LIBRARY_SEARCH_PATHS = "$(PROJECT_DIR)/lightspeed_ios_sdk_2.22";
				ONLY_ACTIVE_ARCH = NO;
				OTHER_LDFLAGS = "-all_load";
				PRODUCT_NAME = "$(TARGET_NAME)";
				PROVISIONING_PROFILE = "";
			};
			name = Debug;
		};
		67E12EBD1B31221700761D69 /* Release */ = {
			isa = XCBuildConfiguration;
			buildSettings = {
				ASSETCATALOG_COMPILER_APPICON_NAME = AppIcon;
				CODE_SIGN_ENTITLEMENTS = "";
				CODE_SIGN_IDENTITY = "iPhone Developer";
				"CODE_SIGN_IDENTITY[sdk=iphoneos*]" = "iPhone Developer";
				HEADER_SEARCH_PATHS = (
					"$(inherited)",
					"$(PROJECT_DIR)/lightspeed_ios_sdk_2.22/**",
				);
				INFOPLIST_FILE = Joka/Info.plist;
				IPHONEOS_DEPLOYMENT_TARGET = 8.0;
				LD_RUNPATH_SEARCH_PATHS = "$(inherited) @executable_path/Frameworks";
				LIBRARY_SEARCH_PATHS = "$(PROJECT_DIR)/lightspeed_ios_sdk_2.22";
				ONLY_ACTIVE_ARCH = NO;
				OTHER_LDFLAGS = "-all_load";
				PRODUCT_NAME = "$(TARGET_NAME)";
				PROVISIONING_PROFILE = "";
			};
			name = Release;
		};
		67E12EBF1B31221700761D69 /* Debug */ = {
			isa = XCBuildConfiguration;
			buildSettings = {
				BUNDLE_LOADER = "$(TEST_HOST)";
				FRAMEWORK_SEARCH_PATHS = (
					"$(SDKROOT)/Developer/Library/Frameworks",
					"$(inherited)",
				);
				GCC_PREPROCESSOR_DEFINITIONS = (
					"DEBUG=1",
					"$(inherited)",
				);
				INFOPLIST_FILE = JokaTests/Info.plist;
				LD_RUNPATH_SEARCH_PATHS = "$(inherited) @executable_path/Frameworks @loader_path/Frameworks";
				PRODUCT_NAME = "$(TARGET_NAME)";
				TEST_HOST = "$(BUILT_PRODUCTS_DIR)/Joka.app/Joka";
			};
			name = Debug;
		};
		67E12EC01B31221700761D69 /* Release */ = {
			isa = XCBuildConfiguration;
			buildSettings = {
				BUNDLE_LOADER = "$(TEST_HOST)";
				FRAMEWORK_SEARCH_PATHS = (
					"$(SDKROOT)/Developer/Library/Frameworks",
					"$(inherited)",
				);
				INFOPLIST_FILE = JokaTests/Info.plist;
				LD_RUNPATH_SEARCH_PATHS = "$(inherited) @executable_path/Frameworks @loader_path/Frameworks";
				PRODUCT_NAME = "$(TARGET_NAME)";
				TEST_HOST = "$(BUILT_PRODUCTS_DIR)/Joka.app/Joka";
			};
			name = Release;
		};
/* End XCBuildConfiguration section */

/* Begin XCConfigurationList section */
		67E12E931B31221700761D69 /* Build configuration list for PBXProject "Joka" */ = {
			isa = XCConfigurationList;
			buildConfigurations = (
				67E12EB91B31221700761D69 /* Debug */,
				67E12EBA1B31221700761D69 /* Release */,
			);
			defaultConfigurationIsVisible = 0;
			defaultConfigurationName = Release;
		};
		67E12EBB1B31221700761D69 /* Build configuration list for PBXNativeTarget "Joka" */ = {
			isa = XCConfigurationList;
			buildConfigurations = (
				67E12EBC1B31221700761D69 /* Debug */,
				67E12EBD1B31221700761D69 /* Release */,
			);
			defaultConfigurationIsVisible = 0;
			defaultConfigurationName = Release;
		};
		67E12EBE1B31221700761D69 /* Build configuration list for PBXNativeTarget "JokaTests" */ = {
			isa = XCConfigurationList;
			buildConfigurations = (
				67E12EBF1B31221700761D69 /* Debug */,
				67E12EC01B31221700761D69 /* Release */,
			);
			defaultConfigurationIsVisible = 0;
			defaultConfigurationName = Release;
		};
/* End XCConfigurationList section */
	};
	rootObject = 67E12E901B31221700761D69 /* Project object */;
}
