// !$*UTF8*$!
{
	archiveVersion = 1;
	classes = {
	};
	objectVersion = 46;
	objects = {

/* Begin PBXBuildFile section */
		6705FBAE1B4BDE4E00D94D0C /* JKSearchTableViewController.m in Sources */ = {isa = PBXBuildFile; fileRef = 6705FBAD1B4BDE4E00D94D0C /* JKSearchTableViewController.m */; };
		6713A64F1B45414A00E3D2B5 /* LaunchScreen.xib in Resources */ = {isa = PBXBuildFile; fileRef = 6713A64E1B45414A00E3D2B5 /* LaunchScreen.xib */; };
		6713A6531B4620E300E3D2B5 /* KLCPopup.m in Sources */ = {isa = PBXBuildFile; fileRef = 6713A6521B4620E300E3D2B5 /* KLCPopup.m */; };
		6713A6551B4635CC00E3D2B5 /* CoreGraphics.framework in Frameworks */ = {isa = PBXBuildFile; fileRef = 6713A6541B4635CC00E3D2B5 /* CoreGraphics.framework */; };
		6713A6591B463EEB00E3D2B5 /* HXAnSocialManager.m in Sources */ = {isa = PBXBuildFile; fileRef = 6713A6581B463EEB00E3D2B5 /* HXAnSocialManager.m */; };
		6713A65E1B46422C00E3D2B5 /* HXMessage.m in Sources */ = {isa = PBXBuildFile; fileRef = 6713A65B1B46422C00E3D2B5 /* HXMessage.m */; };
		6713A65F1B46422C00E3D2B5 /* HXMessage+Additions.m in Sources */ = {isa = PBXBuildFile; fileRef = 6713A65D1B46422C00E3D2B5 /* HXMessage+Additions.m */; };
		6713A6661B46438F00E3D2B5 /* ActivityIndicatorManager.m in Sources */ = {isa = PBXBuildFile; fileRef = 6713A6651B46438F00E3D2B5 /* ActivityIndicatorManager.m */; };
		6713A6681B46447D00E3D2B5 /* CoreData.framework in Frameworks */ = {isa = PBXBuildFile; fileRef = 6713A6671B46447D00E3D2B5 /* CoreData.framework */; };
		6713A66C1B4644B400E3D2B5 /* CoreDataUtil.m in Sources */ = {isa = PBXBuildFile; fileRef = 6713A66B1B4644B400E3D2B5 /* CoreDataUtil.m */; };
		6713A6701B4645A300E3D2B5 /* ChatUtil.m in Sources */ = {isa = PBXBuildFile; fileRef = 6713A66F1B4645A300E3D2B5 /* ChatUtil.m */; };
		6713A6741B4645AD00E3D2B5 /* UserUtil.m in Sources */ = {isa = PBXBuildFile; fileRef = 6713A6731B4645AD00E3D2B5 /* UserUtil.m */; };
		6713A67A1B46460200E3D2B5 /* HXChat+Additions.m in Sources */ = {isa = PBXBuildFile; fileRef = 6713A6771B46460200E3D2B5 /* HXChat+Additions.m */; };
		6713A67B1B46460200E3D2B5 /* HXChat.m in Sources */ = {isa = PBXBuildFile; fileRef = 6713A6791B46460200E3D2B5 /* HXChat.m */; };
		6713A6811B46462200E3D2B5 /* HXUser+Additions.m in Sources */ = {isa = PBXBuildFile; fileRef = 6713A67E1B46462200E3D2B5 /* HXUser+Additions.m */; };
		6713A6821B46462200E3D2B5 /* HXUser.m in Sources */ = {isa = PBXBuildFile; fileRef = 6713A6801B46462200E3D2B5 /* HXUser.m */; };
		6713A6861B46467000E3D2B5 /* NotificationCenterUtil.m in Sources */ = {isa = PBXBuildFile; fileRef = 6713A6851B46467000E3D2B5 /* NotificationCenterUtil.m */; };
		6713A6881B464B4300E3D2B5 /* MobileCoreServices.framework in Frameworks */ = {isa = PBXBuildFile; fileRef = 6713A6871B464B4300E3D2B5 /* MobileCoreServices.framework */; };
		6713A68E1B46540100E3D2B5 /* Joka.xcdatamodeld in Sources */ = {isa = PBXBuildFile; fileRef = 6713A68C1B46540100E3D2B5 /* Joka.xcdatamodeld */; };
		6713A6911B466F4200E3D2B5 /* HXMessageTableViewCell.m in Sources */ = {isa = PBXBuildFile; fileRef = 6713A6901B466F4200E3D2B5 /* HXMessageTableViewCell.m */; };
		6713A6951B46724700E3D2B5 /* HXAppUtility.m in Sources */ = {isa = PBXBuildFile; fileRef = 6713A6941B46724700E3D2B5 /* HXAppUtility.m */; };
		6713A74B1B4672BA00E3D2B5 /* MKAnnotationView+WebCache.m in Sources */ = {isa = PBXBuildFile; fileRef = 6713A72B1B4672BA00E3D2B5 /* MKAnnotationView+WebCache.m */; };
		6713A74C1B4672BA00E3D2B5 /* NSData+ImageContentType.m in Sources */ = {isa = PBXBuildFile; fileRef = 6713A72D1B4672BA00E3D2B5 /* NSData+ImageContentType.m */; };
		6713A74D1B4672BA00E3D2B5 /* SDImageCache.m in Sources */ = {isa = PBXBuildFile; fileRef = 6713A72F1B4672BA00E3D2B5 /* SDImageCache.m */; };
		6713A74E1B4672BA00E3D2B5 /* SDWebImageCompat.m in Sources */ = {isa = PBXBuildFile; fileRef = 6713A7311B4672BA00E3D2B5 /* SDWebImageCompat.m */; };
		6713A74F1B4672BA00E3D2B5 /* SDWebImageDecoder.m in Sources */ = {isa = PBXBuildFile; fileRef = 6713A7331B4672BA00E3D2B5 /* SDWebImageDecoder.m */; };
		6713A7501B4672BA00E3D2B5 /* SDWebImageDownloader.m in Sources */ = {isa = PBXBuildFile; fileRef = 6713A7351B4672BA00E3D2B5 /* SDWebImageDownloader.m */; };
		6713A7511B4672BA00E3D2B5 /* SDWebImageDownloaderOperation.m in Sources */ = {isa = PBXBuildFile; fileRef = 6713A7371B4672BA00E3D2B5 /* SDWebImageDownloaderOperation.m */; };
		6713A7521B4672BA00E3D2B5 /* SDWebImageManager.m in Sources */ = {isa = PBXBuildFile; fileRef = 6713A7391B4672BA00E3D2B5 /* SDWebImageManager.m */; };
		6713A7531B4672BA00E3D2B5 /* SDWebImagePrefetcher.m in Sources */ = {isa = PBXBuildFile; fileRef = 6713A73C1B4672BA00E3D2B5 /* SDWebImagePrefetcher.m */; };
		6713A7541B4672BA00E3D2B5 /* UIButton+WebCache.m in Sources */ = {isa = PBXBuildFile; fileRef = 6713A73E1B4672BA00E3D2B5 /* UIButton+WebCache.m */; };
		6713A7551B4672BA00E3D2B5 /* UIImage+GIF.m in Sources */ = {isa = PBXBuildFile; fileRef = 6713A7401B4672BA00E3D2B5 /* UIImage+GIF.m */; };
		6713A7561B4672BA00E3D2B5 /* UIImage+MultiFormat.m in Sources */ = {isa = PBXBuildFile; fileRef = 6713A7421B4672BA00E3D2B5 /* UIImage+MultiFormat.m */; };
		6713A7571B4672BA00E3D2B5 /* UIImage+WebP.m in Sources */ = {isa = PBXBuildFile; fileRef = 6713A7441B4672BA00E3D2B5 /* UIImage+WebP.m */; };
		6713A7581B4672BA00E3D2B5 /* UIImageView+HighlightedWebCache.m in Sources */ = {isa = PBXBuildFile; fileRef = 6713A7461B4672BA00E3D2B5 /* UIImageView+HighlightedWebCache.m */; };
		6713A7591B4672BA00E3D2B5 /* UIImageView+WebCache.m in Sources */ = {isa = PBXBuildFile; fileRef = 6713A7481B4672BA00E3D2B5 /* UIImageView+WebCache.m */; };
		6713A75A1B4672BA00E3D2B5 /* UIView+WebCacheOperation.m in Sources */ = {isa = PBXBuildFile; fileRef = 6713A74A1B4672BA00E3D2B5 /* UIView+WebCacheOperation.m */; };
		6713A7601B4A6A1600E3D2B5 /* HXImageDetailViewController.m in Sources */ = {isa = PBXBuildFile; fileRef = 6713A75F1B4A6A1600E3D2B5 /* HXImageDetailViewController.m */; };
		6713A7631B4A6B3400E3D2B5 /* HXMapViewController.m in Sources */ = {isa = PBXBuildFile; fileRef = 6713A7621B4A6B3400E3D2B5 /* HXMapViewController.m */; };
		6713A7661B4A799600E3D2B5 /* JKMessageTableViewCell.m in Sources */ = {isa = PBXBuildFile; fileRef = 6713A7651B4A799600E3D2B5 /* JKMessageTableViewCell.m */; };
		6713A76A1B4A7E5100E3D2B5 /* MessageUtil.m in Sources */ = {isa = PBXBuildFile; fileRef = 6713A7691B4A7E5100E3D2B5 /* MessageUtil.m */; };
		6713A76D1B4B65ED00E3D2B5 /* HXVoiceRecordView.m in Sources */ = {isa = PBXBuildFile; fileRef = 6713A76C1B4B65ED00E3D2B5 /* HXVoiceRecordView.m */; };
		67273C8A1B39469200DAECDF /* Joka.entitlements in Resources */ = {isa = PBXBuildFile; fileRef = 67273C891B39469200DAECDF /* Joka.entitlements */; };
		67273C911B3956FC00DAECDF /* SWRevealViewController.m in Sources */ = {isa = PBXBuildFile; fileRef = 67273C901B3956FC00DAECDF /* SWRevealViewController.m */; };
		67273C941B395AA100DAECDF /* JKRearTableViewController.m in Sources */ = {isa = PBXBuildFile; fileRef = 67273C931B395AA100DAECDF /* JKRearTableViewController.m */; };
		67273CAB1B3A49FF00DAECDF /* JKFriendListViewController.m in Sources */ = {isa = PBXBuildFile; fileRef = 67273CAA1B3A49FF00DAECDF /* JKFriendListViewController.m */; };
		67273CAE1B3A59DC00DAECDF /* JKMessagesViewController.m in Sources */ = {isa = PBXBuildFile; fileRef = 67273CAD1B3A59DC00DAECDF /* JKMessagesViewController.m */; };
		67273CB21B3A962F00DAECDF /* JKWallViewController.m in Sources */ = {isa = PBXBuildFile; fileRef = 67273CB11B3A962F00DAECDF /* JKWallViewController.m */; };
		67273CB51B3AA07300DAECDF /* JKCreatePostViewController.m in Sources */ = {isa = PBXBuildFile; fileRef = 67273CB41B3AA07300DAECDF /* JKCreatePostViewController.m */; };
		67273CB81B3AA9A500DAECDF /* JKWallTableViewCell.m in Sources */ = {isa = PBXBuildFile; fileRef = 67273CB71B3AA9A500DAECDF /* JKWallTableViewCell.m */; };
		67273CBB1B3BE63700DAECDF /* JKEditProfileTableViewController.m in Sources */ = {isa = PBXBuildFile; fileRef = 67273CBA1B3BE63700DAECDF /* JKEditProfileTableViewController.m */; };
		67273CC11B3D329E00DAECDF /* JKActivityControlView.m in Sources */ = {isa = PBXBuildFile; fileRef = 67273CC01B3D329E00DAECDF /* JKActivityControlView.m */; };
		67D9F48B1B412F8E00D000DF /* Foundation.framework in Frameworks */ = {isa = PBXBuildFile; fileRef = 67D9F48A1B412F8E00D000DF /* Foundation.framework */; };
		67D9F48D1B412F9700D000DF /* SystemConfiguration.framework in Frameworks */ = {isa = PBXBuildFile; fileRef = 67D9F48C1B412F9700D000DF /* SystemConfiguration.framework */; };
		67D9F48F1B41305100D000DF /* UIKit.framework in Frameworks */ = {isa = PBXBuildFile; fileRef = 67D9F48E1B41305100D000DF /* UIKit.framework */; };
		67D9F5981B424FAE00D000DF /* JKCustomButton.m in Sources */ = {isa = PBXBuildFile; fileRef = 67D9F5971B424FAE00D000DF /* JKCustomButton.m */; };
		67D9F59B1B429C1C00D000DF /* JKCommentViewController.m in Sources */ = {isa = PBXBuildFile; fileRef = 67D9F59A1B429C1C00D000DF /* JKCommentViewController.m */; };
		67D9F5D51B42A55B00D000DF /* libLightspeed-arm64-2.23.3.a in Frameworks */ = {isa = PBXBuildFile; fileRef = 67D9F5CD1B42A55B00D000DF /* libLightspeed-arm64-2.23.3.a */; };
		67D9F5D61B42A55B00D000DF /* libLightspeed-armv7-2.23.3.a in Frameworks */ = {isa = PBXBuildFile; fileRef = 67D9F5CE1B42A55B00D000DF /* libLightspeed-armv7-2.23.3.a */; };
		67D9F5D71B42A55B00D000DF /* libLightspeed-armv7s-2.23.3.a in Frameworks */ = {isa = PBXBuildFile; fileRef = 67D9F5CF1B42A55B00D000DF /* libLightspeed-armv7s-2.23.3.a */; };
		67D9F5D81B42A55B00D000DF /* libLightspeed-i386-2.23.3.a in Frameworks */ = {isa = PBXBuildFile; fileRef = 67D9F5D01B42A55B00D000DF /* libLightspeed-i386-2.23.3.a */; };
		67D9F5D91B42A55B00D000DF /* libLightspeed-x86_64-2.23.3.a in Frameworks */ = {isa = PBXBuildFile; fileRef = 67D9F5D11B42A55B00D000DF /* libLightspeed-x86_64-2.23.3.a */; };
		67E12E9E1B31221700761D69 /* main.m in Sources */ = {isa = PBXBuildFile; fileRef = 67E12E9D1B31221700761D69 /* main.m */; };
		67E12EA11B31221700761D69 /* AppDelegate.m in Sources */ = {isa = PBXBuildFile; fileRef = 67E12EA01B31221700761D69 /* AppDelegate.m */; };
		67E12EA41B31221700761D69 /* ViewController.m in Sources */ = {isa = PBXBuildFile; fileRef = 67E12EA31B31221700761D69 /* ViewController.m */; };
		67E12EA71B31221700761D69 /* Main.storyboard in Resources */ = {isa = PBXBuildFile; fileRef = 67E12EA51B31221700761D69 /* Main.storyboard */; };
		67E12EA91B31221700761D69 /* Images.xcassets in Resources */ = {isa = PBXBuildFile; fileRef = 67E12EA81B31221700761D69 /* Images.xcassets */; };
		67E12EB81B31221700761D69 /* JokaTests.m in Sources */ = {isa = PBXBuildFile; fileRef = 67E12EB71B31221700761D69 /* JokaTests.m */; };
		67E12ED51B3122E100761D69 /* Security.framework in Frameworks */ = {isa = PBXBuildFile; fileRef = 67E12ED41B3122E100761D69 /* Security.framework */; };
		67E12ED81B31234B00761D69 /* LoginViewController.m in Sources */ = {isa = PBXBuildFile; fileRef = 67E12ED71B31234B00761D69 /* LoginViewController.m */; };
		67E12F1D1B31491000761D69 /* JKPushDelegate.m in Sources */ = {isa = PBXBuildFile; fileRef = 67E12F1C1B31491000761D69 /* JKPushDelegate.m */; };
		67E12F201B315D6100761D69 /* JKPersonalProfileViewController.m in Sources */ = {isa = PBXBuildFile; fileRef = 67E12F1F1B315D6100761D69 /* JKPersonalProfileViewController.m */; };
		67E12F241B3170B100761D69 /* JKUserListViewController.m in Sources */ = {isa = PBXBuildFile; fileRef = 67E12F231B3170B100761D69 /* JKUserListViewController.m */; };
		67E12F2A1B32598600761D69 /* JKChatViewController.m in Sources */ = {isa = PBXBuildFile; fileRef = 67E12F291B32598600761D69 /* JKChatViewController.m */; };
		67E12F2E1B32677200761D69 /* JKProfileViewController.m in Sources */ = {isa = PBXBuildFile; fileRef = 67E12F2D1B32677200761D69 /* JKProfileViewController.m */; };
		67E12F321B32BA9400761D69 /* JKLightspeedManager.m in Sources */ = {isa = PBXBuildFile; fileRef = 67E12F311B32BA9400761D69 /* JKLightspeedManager.m */; };
		67F7C7B51B37FF3E0026E344 /* JKEnterUserInfoViewController.m in Sources */ = {isa = PBXBuildFile; fileRef = 67F7C7B41B37FF3E0026E344 /* JKEnterUserInfoViewController.m */; };
/* End PBXBuildFile section */

/* Begin PBXContainerItemProxy section */
		67E12EB21B31221700761D69 /* PBXContainerItemProxy */ = {
			isa = PBXContainerItemProxy;
			containerPortal = 67E12E901B31221700761D69 /* Project object */;
			proxyType = 1;
			remoteGlobalIDString = 67E12E971B31221700761D69;
			remoteInfo = Joka;
		};
/* End PBXContainerItemProxy section */

/* Begin PBXFileReference section */
		6705FBAC1B4BDE4E00D94D0C /* JKSearchTableViewController.h */ = {isa = PBXFileReference; fileEncoding = 4; lastKnownFileType = sourcecode.c.h; path = JKSearchTableViewController.h; sourceTree = "<group>"; };
		6705FBAD1B4BDE4E00D94D0C /* JKSearchTableViewController.m */ = {isa = PBXFileReference; fileEncoding = 4; lastKnownFileType = sourcecode.c.objc; path = JKSearchTableViewController.m; sourceTree = "<group>"; };
		6713A64E1B45414A00E3D2B5 /* LaunchScreen.xib */ = {isa = PBXFileReference; fileEncoding = 4; lastKnownFileType = file.xib; path = LaunchScreen.xib; sourceTree = "<group>"; };
		6713A6511B4620E300E3D2B5 /* KLCPopup.h */ = {isa = PBXFileReference; fileEncoding = 4; lastKnownFileType = sourcecode.c.h; path = KLCPopup.h; sourceTree = "<group>"; };
		6713A6521B4620E300E3D2B5 /* KLCPopup.m */ = {isa = PBXFileReference; fileEncoding = 4; lastKnownFileType = sourcecode.c.objc; path = KLCPopup.m; sourceTree = "<group>"; };
		6713A6541B4635CC00E3D2B5 /* CoreGraphics.framework */ = {isa = PBXFileReference; lastKnownFileType = wrapper.framework; name = CoreGraphics.framework; path = System/Library/Frameworks/CoreGraphics.framework; sourceTree = SDKROOT; };
		6713A6561B46361100E3D2B5 /* PrefixHeader.pch */ = {isa = PBXFileReference; lastKnownFileType = sourcecode.c.h; path = PrefixHeader.pch; sourceTree = "<group>"; };
		6713A6571B463EEB00E3D2B5 /* HXAnSocialManager.h */ = {isa = PBXFileReference; fileEncoding = 4; lastKnownFileType = sourcecode.c.h; path = HXAnSocialManager.h; sourceTree = "<group>"; };
		6713A6581B463EEB00E3D2B5 /* HXAnSocialManager.m */ = {isa = PBXFileReference; fileEncoding = 4; lastKnownFileType = sourcecode.c.objc; path = HXAnSocialManager.m; sourceTree = "<group>"; };
		6713A65A1B46422C00E3D2B5 /* HXMessage.h */ = {isa = PBXFileReference; fileEncoding = 4; lastKnownFileType = sourcecode.c.h; path = HXMessage.h; sourceTree = "<group>"; };
		6713A65B1B46422C00E3D2B5 /* HXMessage.m */ = {isa = PBXFileReference; fileEncoding = 4; lastKnownFileType = sourcecode.c.objc; path = HXMessage.m; sourceTree = "<group>"; };
		6713A65C1B46422C00E3D2B5 /* HXMessage+Additions.h */ = {isa = PBXFileReference; fileEncoding = 4; lastKnownFileType = sourcecode.c.h; path = "HXMessage+Additions.h"; sourceTree = "<group>"; };
		6713A65D1B46422C00E3D2B5 /* HXMessage+Additions.m */ = {isa = PBXFileReference; fileEncoding = 4; lastKnownFileType = sourcecode.c.objc; path = "HXMessage+Additions.m"; sourceTree = "<group>"; };
		6713A6641B46438F00E3D2B5 /* ActivityIndicatorManager.h */ = {isa = PBXFileReference; fileEncoding = 4; lastKnownFileType = sourcecode.c.h; path = ActivityIndicatorManager.h; sourceTree = "<group>"; };
		6713A6651B46438F00E3D2B5 /* ActivityIndicatorManager.m */ = {isa = PBXFileReference; fileEncoding = 4; lastKnownFileType = sourcecode.c.objc; path = ActivityIndicatorManager.m; sourceTree = "<group>"; };
		6713A6671B46447D00E3D2B5 /* CoreData.framework */ = {isa = PBXFileReference; lastKnownFileType = wrapper.framework; name = CoreData.framework; path = System/Library/Frameworks/CoreData.framework; sourceTree = SDKROOT; };
		6713A66A1B4644B400E3D2B5 /* CoreDataUtil.h */ = {isa = PBXFileReference; fileEncoding = 4; lastKnownFileType = sourcecode.c.h; path = CoreDataUtil.h; sourceTree = "<group>"; };
		6713A66B1B4644B400E3D2B5 /* CoreDataUtil.m */ = {isa = PBXFileReference; fileEncoding = 4; lastKnownFileType = sourcecode.c.objc; path = CoreDataUtil.m; sourceTree = "<group>"; };
		6713A66E1B4645A300E3D2B5 /* ChatUtil.h */ = {isa = PBXFileReference; fileEncoding = 4; lastKnownFileType = sourcecode.c.h; path = ChatUtil.h; sourceTree = "<group>"; };
		6713A66F1B4645A300E3D2B5 /* ChatUtil.m */ = {isa = PBXFileReference; fileEncoding = 4; lastKnownFileType = sourcecode.c.objc; path = ChatUtil.m; sourceTree = "<group>"; };
		6713A6721B4645AD00E3D2B5 /* UserUtil.h */ = {isa = PBXFileReference; fileEncoding = 4; lastKnownFileType = sourcecode.c.h; path = UserUtil.h; sourceTree = "<group>"; };
		6713A6731B4645AD00E3D2B5 /* UserUtil.m */ = {isa = PBXFileReference; fileEncoding = 4; lastKnownFileType = sourcecode.c.objc; path = UserUtil.m; sourceTree = "<group>"; };
		6713A6761B46460200E3D2B5 /* HXChat+Additions.h */ = {isa = PBXFileReference; fileEncoding = 4; lastKnownFileType = sourcecode.c.h; path = "HXChat+Additions.h"; sourceTree = "<group>"; };
		6713A6771B46460200E3D2B5 /* HXChat+Additions.m */ = {isa = PBXFileReference; fileEncoding = 4; lastKnownFileType = sourcecode.c.objc; path = "HXChat+Additions.m"; sourceTree = "<group>"; };
		6713A6781B46460200E3D2B5 /* HXChat.h */ = {isa = PBXFileReference; fileEncoding = 4; lastKnownFileType = sourcecode.c.h; path = HXChat.h; sourceTree = "<group>"; };
		6713A6791B46460200E3D2B5 /* HXChat.m */ = {isa = PBXFileReference; fileEncoding = 4; lastKnownFileType = sourcecode.c.objc; path = HXChat.m; sourceTree = "<group>"; };
		6713A67D1B46462200E3D2B5 /* HXUser+Additions.h */ = {isa = PBXFileReference; fileEncoding = 4; lastKnownFileType = sourcecode.c.h; path = "HXUser+Additions.h"; sourceTree = "<group>"; };
		6713A67E1B46462200E3D2B5 /* HXUser+Additions.m */ = {isa = PBXFileReference; fileEncoding = 4; lastKnownFileType = sourcecode.c.objc; path = "HXUser+Additions.m"; sourceTree = "<group>"; };
		6713A67F1B46462200E3D2B5 /* HXUser.h */ = {isa = PBXFileReference; fileEncoding = 4; lastKnownFileType = sourcecode.c.h; path = HXUser.h; sourceTree = "<group>"; };
		6713A6801B46462200E3D2B5 /* HXUser.m */ = {isa = PBXFileReference; fileEncoding = 4; lastKnownFileType = sourcecode.c.objc; path = HXUser.m; sourceTree = "<group>"; };
		6713A6841B46467000E3D2B5 /* NotificationCenterUtil.h */ = {isa = PBXFileReference; fileEncoding = 4; lastKnownFileType = sourcecode.c.h; path = NotificationCenterUtil.h; sourceTree = "<group>"; };
		6713A6851B46467000E3D2B5 /* NotificationCenterUtil.m */ = {isa = PBXFileReference; fileEncoding = 4; lastKnownFileType = sourcecode.c.objc; path = NotificationCenterUtil.m; sourceTree = "<group>"; };
		6713A6871B464B4300E3D2B5 /* MobileCoreServices.framework */ = {isa = PBXFileReference; lastKnownFileType = wrapper.framework; name = MobileCoreServices.framework; path = System/Library/Frameworks/MobileCoreServices.framework; sourceTree = SDKROOT; };
		6713A68D1B46540100E3D2B5 /* IMChat.xcdatamodel */ = {isa = PBXFileReference; lastKnownFileType = wrapper.xcdatamodel; path = IMChat.xcdatamodel; sourceTree = "<group>"; };
		6713A68F1B466F4200E3D2B5 /* HXMessageTableViewCell.h */ = {isa = PBXFileReference; fileEncoding = 4; lastKnownFileType = sourcecode.c.h; path = HXMessageTableViewCell.h; sourceTree = "<group>"; };
		6713A6901B466F4200E3D2B5 /* HXMessageTableViewCell.m */ = {isa = PBXFileReference; fileEncoding = 4; lastKnownFileType = sourcecode.c.objc; path = HXMessageTableViewCell.m; sourceTree = "<group>"; };
		6713A6931B46724700E3D2B5 /* HXAppUtility.h */ = {isa = PBXFileReference; fileEncoding = 4; lastKnownFileType = sourcecode.c.h; path = HXAppUtility.h; sourceTree = "<group>"; };
		6713A6941B46724700E3D2B5 /* HXAppUtility.m */ = {isa = PBXFileReference; fileEncoding = 4; lastKnownFileType = sourcecode.c.objc; path = HXAppUtility.m; sourceTree = "<group>"; };
		6713A72A1B4672BA00E3D2B5 /* MKAnnotationView+WebCache.h */ = {isa = PBXFileReference; fileEncoding = 4; lastKnownFileType = sourcecode.c.h; path = "MKAnnotationView+WebCache.h"; sourceTree = "<group>"; };
		6713A72B1B4672BA00E3D2B5 /* MKAnnotationView+WebCache.m */ = {isa = PBXFileReference; fileEncoding = 4; lastKnownFileType = sourcecode.c.objc; path = "MKAnnotationView+WebCache.m"; sourceTree = "<group>"; };
		6713A72C1B4672BA00E3D2B5 /* NSData+ImageContentType.h */ = {isa = PBXFileReference; fileEncoding = 4; lastKnownFileType = sourcecode.c.h; path = "NSData+ImageContentType.h"; sourceTree = "<group>"; };
		6713A72D1B4672BA00E3D2B5 /* NSData+ImageContentType.m */ = {isa = PBXFileReference; fileEncoding = 4; lastKnownFileType = sourcecode.c.objc; path = "NSData+ImageContentType.m"; sourceTree = "<group>"; };
		6713A72E1B4672BA00E3D2B5 /* SDImageCache.h */ = {isa = PBXFileReference; fileEncoding = 4; lastKnownFileType = sourcecode.c.h; path = SDImageCache.h; sourceTree = "<group>"; };
		6713A72F1B4672BA00E3D2B5 /* SDImageCache.m */ = {isa = PBXFileReference; fileEncoding = 4; lastKnownFileType = sourcecode.c.objc; path = SDImageCache.m; sourceTree = "<group>"; };
		6713A7301B4672BA00E3D2B5 /* SDWebImageCompat.h */ = {isa = PBXFileReference; fileEncoding = 4; lastKnownFileType = sourcecode.c.h; path = SDWebImageCompat.h; sourceTree = "<group>"; };
		6713A7311B4672BA00E3D2B5 /* SDWebImageCompat.m */ = {isa = PBXFileReference; fileEncoding = 4; lastKnownFileType = sourcecode.c.objc; path = SDWebImageCompat.m; sourceTree = "<group>"; };
		6713A7321B4672BA00E3D2B5 /* SDWebImageDecoder.h */ = {isa = PBXFileReference; fileEncoding = 4; lastKnownFileType = sourcecode.c.h; path = SDWebImageDecoder.h; sourceTree = "<group>"; };
		6713A7331B4672BA00E3D2B5 /* SDWebImageDecoder.m */ = {isa = PBXFileReference; fileEncoding = 4; lastKnownFileType = sourcecode.c.objc; path = SDWebImageDecoder.m; sourceTree = "<group>"; };
		6713A7341B4672BA00E3D2B5 /* SDWebImageDownloader.h */ = {isa = PBXFileReference; fileEncoding = 4; lastKnownFileType = sourcecode.c.h; path = SDWebImageDownloader.h; sourceTree = "<group>"; };
		6713A7351B4672BA00E3D2B5 /* SDWebImageDownloader.m */ = {isa = PBXFileReference; fileEncoding = 4; lastKnownFileType = sourcecode.c.objc; path = SDWebImageDownloader.m; sourceTree = "<group>"; };
		6713A7361B4672BA00E3D2B5 /* SDWebImageDownloaderOperation.h */ = {isa = PBXFileReference; fileEncoding = 4; lastKnownFileType = sourcecode.c.h; path = SDWebImageDownloaderOperation.h; sourceTree = "<group>"; };
		6713A7371B4672BA00E3D2B5 /* SDWebImageDownloaderOperation.m */ = {isa = PBXFileReference; fileEncoding = 4; lastKnownFileType = sourcecode.c.objc; path = SDWebImageDownloaderOperation.m; sourceTree = "<group>"; };
		6713A7381B4672BA00E3D2B5 /* SDWebImageManager.h */ = {isa = PBXFileReference; fileEncoding = 4; lastKnownFileType = sourcecode.c.h; path = SDWebImageManager.h; sourceTree = "<group>"; };
		6713A7391B4672BA00E3D2B5 /* SDWebImageManager.m */ = {isa = PBXFileReference; fileEncoding = 4; lastKnownFileType = sourcecode.c.objc; path = SDWebImageManager.m; sourceTree = "<group>"; };
		6713A73A1B4672BA00E3D2B5 /* SDWebImageOperation.h */ = {isa = PBXFileReference; fileEncoding = 4; lastKnownFileType = sourcecode.c.h; path = SDWebImageOperation.h; sourceTree = "<group>"; };
		6713A73B1B4672BA00E3D2B5 /* SDWebImagePrefetcher.h */ = {isa = PBXFileReference; fileEncoding = 4; lastKnownFileType = sourcecode.c.h; path = SDWebImagePrefetcher.h; sourceTree = "<group>"; };
		6713A73C1B4672BA00E3D2B5 /* SDWebImagePrefetcher.m */ = {isa = PBXFileReference; fileEncoding = 4; lastKnownFileType = sourcecode.c.objc; path = SDWebImagePrefetcher.m; sourceTree = "<group>"; };
		6713A73D1B4672BA00E3D2B5 /* UIButton+WebCache.h */ = {isa = PBXFileReference; fileEncoding = 4; lastKnownFileType = sourcecode.c.h; path = "UIButton+WebCache.h"; sourceTree = "<group>"; };
		6713A73E1B4672BA00E3D2B5 /* UIButton+WebCache.m */ = {isa = PBXFileReference; fileEncoding = 4; lastKnownFileType = sourcecode.c.objc; path = "UIButton+WebCache.m"; sourceTree = "<group>"; };
		6713A73F1B4672BA00E3D2B5 /* UIImage+GIF.h */ = {isa = PBXFileReference; fileEncoding = 4; lastKnownFileType = sourcecode.c.h; path = "UIImage+GIF.h"; sourceTree = "<group>"; };
		6713A7401B4672BA00E3D2B5 /* UIImage+GIF.m */ = {isa = PBXFileReference; fileEncoding = 4; lastKnownFileType = sourcecode.c.objc; path = "UIImage+GIF.m"; sourceTree = "<group>"; };
		6713A7411B4672BA00E3D2B5 /* UIImage+MultiFormat.h */ = {isa = PBXFileReference; fileEncoding = 4; lastKnownFileType = sourcecode.c.h; path = "UIImage+MultiFormat.h"; sourceTree = "<group>"; };
		6713A7421B4672BA00E3D2B5 /* UIImage+MultiFormat.m */ = {isa = PBXFileReference; fileEncoding = 4; lastKnownFileType = sourcecode.c.objc; path = "UIImage+MultiFormat.m"; sourceTree = "<group>"; };
		6713A7431B4672BA00E3D2B5 /* UIImage+WebP.h */ = {isa = PBXFileReference; fileEncoding = 4; lastKnownFileType = sourcecode.c.h; path = "UIImage+WebP.h"; sourceTree = "<group>"; };
		6713A7441B4672BA00E3D2B5 /* UIImage+WebP.m */ = {isa = PBXFileReference; fileEncoding = 4; lastKnownFileType = sourcecode.c.objc; path = "UIImage+WebP.m"; sourceTree = "<group>"; };
		6713A7451B4672BA00E3D2B5 /* UIImageView+HighlightedWebCache.h */ = {isa = PBXFileReference; fileEncoding = 4; lastKnownFileType = sourcecode.c.h; path = "UIImageView+HighlightedWebCache.h"; sourceTree = "<group>"; };
		6713A7461B4672BA00E3D2B5 /* UIImageView+HighlightedWebCache.m */ = {isa = PBXFileReference; fileEncoding = 4; lastKnownFileType = sourcecode.c.objc; path = "UIImageView+HighlightedWebCache.m"; sourceTree = "<group>"; };
		6713A7471B4672BA00E3D2B5 /* UIImageView+WebCache.h */ = {isa = PBXFileReference; fileEncoding = 4; lastKnownFileType = sourcecode.c.h; path = "UIImageView+WebCache.h"; sourceTree = "<group>"; };
		6713A7481B4672BA00E3D2B5 /* UIImageView+WebCache.m */ = {isa = PBXFileReference; fileEncoding = 4; lastKnownFileType = sourcecode.c.objc; path = "UIImageView+WebCache.m"; sourceTree = "<group>"; };
		6713A7491B4672BA00E3D2B5 /* UIView+WebCacheOperation.h */ = {isa = PBXFileReference; fileEncoding = 4; lastKnownFileType = sourcecode.c.h; path = "UIView+WebCacheOperation.h"; sourceTree = "<group>"; };
		6713A74A1B4672BA00E3D2B5 /* UIView+WebCacheOperation.m */ = {isa = PBXFileReference; fileEncoding = 4; lastKnownFileType = sourcecode.c.objc; path = "UIView+WebCacheOperation.m"; sourceTree = "<group>"; };
		6713A75E1B4A6A1600E3D2B5 /* HXImageDetailViewController.h */ = {isa = PBXFileReference; fileEncoding = 4; lastKnownFileType = sourcecode.c.h; path = HXImageDetailViewController.h; sourceTree = "<group>"; };
		6713A75F1B4A6A1600E3D2B5 /* HXImageDetailViewController.m */ = {isa = PBXFileReference; fileEncoding = 4; lastKnownFileType = sourcecode.c.objc; path = HXImageDetailViewController.m; sourceTree = "<group>"; };
		6713A7611B4A6B3400E3D2B5 /* HXMapViewController.h */ = {isa = PBXFileReference; fileEncoding = 4; lastKnownFileType = sourcecode.c.h; path = HXMapViewController.h; sourceTree = "<group>"; };
		6713A7621B4A6B3400E3D2B5 /* HXMapViewController.m */ = {isa = PBXFileReference; fileEncoding = 4; lastKnownFileType = sourcecode.c.objc; path = HXMapViewController.m; sourceTree = "<group>"; };
		6713A7641B4A799600E3D2B5 /* JKMessageTableViewCell.h */ = {isa = PBXFileReference; fileEncoding = 4; lastKnownFileType = sourcecode.c.h; path = JKMessageTableViewCell.h; sourceTree = "<group>"; };
		6713A7651B4A799600E3D2B5 /* JKMessageTableViewCell.m */ = {isa = PBXFileReference; fileEncoding = 4; lastKnownFileType = sourcecode.c.objc; path = JKMessageTableViewCell.m; sourceTree = "<group>"; };
		6713A7681B4A7E5100E3D2B5 /* MessageUtil.h */ = {isa = PBXFileReference; fileEncoding = 4; lastKnownFileType = sourcecode.c.h; path = MessageUtil.h; sourceTree = "<group>"; };
		6713A7691B4A7E5100E3D2B5 /* MessageUtil.m */ = {isa = PBXFileReference; fileEncoding = 4; lastKnownFileType = sourcecode.c.objc; path = MessageUtil.m; sourceTree = "<group>"; };
		6713A76B1B4B65ED00E3D2B5 /* HXVoiceRecordView.h */ = {isa = PBXFileReference; fileEncoding = 4; lastKnownFileType = sourcecode.c.h; path = HXVoiceRecordView.h; sourceTree = "<group>"; };
		6713A76C1B4B65ED00E3D2B5 /* HXVoiceRecordView.m */ = {isa = PBXFileReference; fileEncoding = 4; lastKnownFileType = sourcecode.c.objc; path = HXVoiceRecordView.m; sourceTree = "<group>"; };
		67273C891B39469200DAECDF /* Joka.entitlements */ = {isa = PBXFileReference; fileEncoding = 4; lastKnownFileType = text.xml; path = Joka.entitlements; sourceTree = "<group>"; };
		67273C8F1B3956FC00DAECDF /* SWRevealViewController.h */ = {isa = PBXFileReference; fileEncoding = 4; lastKnownFileType = sourcecode.c.h; path = SWRevealViewController.h; sourceTree = "<group>"; };
		67273C901B3956FC00DAECDF /* SWRevealViewController.m */ = {isa = PBXFileReference; fileEncoding = 4; lastKnownFileType = sourcecode.c.objc; path = SWRevealViewController.m; sourceTree = "<group>"; };
		67273C921B395AA100DAECDF /* JKRearTableViewController.h */ = {isa = PBXFileReference; fileEncoding = 4; lastKnownFileType = sourcecode.c.h; path = JKRearTableViewController.h; sourceTree = "<group>"; };
		67273C931B395AA100DAECDF /* JKRearTableViewController.m */ = {isa = PBXFileReference; fileEncoding = 4; lastKnownFileType = sourcecode.c.objc; path = JKRearTableViewController.m; sourceTree = "<group>"; };
		67273CA91B3A49FF00DAECDF /* JKFriendListViewController.h */ = {isa = PBXFileReference; fileEncoding = 4; lastKnownFileType = sourcecode.c.h; path = JKFriendListViewController.h; sourceTree = "<group>"; };
		67273CAA1B3A49FF00DAECDF /* JKFriendListViewController.m */ = {isa = PBXFileReference; fileEncoding = 4; lastKnownFileType = sourcecode.c.objc; path = JKFriendListViewController.m; sourceTree = "<group>"; };
		67273CAC1B3A59DC00DAECDF /* JKMessagesViewController.h */ = {isa = PBXFileReference; fileEncoding = 4; lastKnownFileType = sourcecode.c.h; path = JKMessagesViewController.h; sourceTree = "<group>"; };
		67273CAD1B3A59DC00DAECDF /* JKMessagesViewController.m */ = {isa = PBXFileReference; fileEncoding = 4; lastKnownFileType = sourcecode.c.objc; path = JKMessagesViewController.m; sourceTree = "<group>"; };
		67273CB01B3A962F00DAECDF /* JKWallViewController.h */ = {isa = PBXFileReference; fileEncoding = 4; lastKnownFileType = sourcecode.c.h; path = JKWallViewController.h; sourceTree = "<group>"; };
		67273CB11B3A962F00DAECDF /* JKWallViewController.m */ = {isa = PBXFileReference; fileEncoding = 4; indentWidth = 5; lastKnownFileType = sourcecode.c.objc; path = JKWallViewController.m; sourceTree = "<group>"; };
		67273CB31B3AA07300DAECDF /* JKCreatePostViewController.h */ = {isa = PBXFileReference; fileEncoding = 4; lastKnownFileType = sourcecode.c.h; path = JKCreatePostViewController.h; sourceTree = "<group>"; };
		67273CB41B3AA07300DAECDF /* JKCreatePostViewController.m */ = {isa = PBXFileReference; fileEncoding = 4; lastKnownFileType = sourcecode.c.objc; path = JKCreatePostViewController.m; sourceTree = "<group>"; };
		67273CB61B3AA9A500DAECDF /* JKWallTableViewCell.h */ = {isa = PBXFileReference; fileEncoding = 4; lastKnownFileType = sourcecode.c.h; path = JKWallTableViewCell.h; sourceTree = "<group>"; };
		67273CB71B3AA9A500DAECDF /* JKWallTableViewCell.m */ = {isa = PBXFileReference; fileEncoding = 4; lastKnownFileType = sourcecode.c.objc; path = JKWallTableViewCell.m; sourceTree = "<group>"; };
		67273CB91B3BE63700DAECDF /* JKEditProfileTableViewController.h */ = {isa = PBXFileReference; fileEncoding = 4; lastKnownFileType = sourcecode.c.h; path = JKEditProfileTableViewController.h; sourceTree = "<group>"; };
		67273CBA1B3BE63700DAECDF /* JKEditProfileTableViewController.m */ = {isa = PBXFileReference; fileEncoding = 4; lastKnownFileType = sourcecode.c.objc; path = JKEditProfileTableViewController.m; sourceTree = "<group>"; };
		67273CBF1B3D329E00DAECDF /* JKActivityControlView.h */ = {isa = PBXFileReference; fileEncoding = 4; lastKnownFileType = sourcecode.c.h; path = JKActivityControlView.h; sourceTree = "<group>"; };
		67273CC01B3D329E00DAECDF /* JKActivityControlView.m */ = {isa = PBXFileReference; fileEncoding = 4; lastKnownFileType = sourcecode.c.objc; path = JKActivityControlView.m; sourceTree = "<group>"; };
		67D9F48A1B412F8E00D000DF /* Foundation.framework */ = {isa = PBXFileReference; lastKnownFileType = wrapper.framework; name = Foundation.framework; path = System/Library/Frameworks/Foundation.framework; sourceTree = SDKROOT; };
		67D9F48C1B412F9700D000DF /* SystemConfiguration.framework */ = {isa = PBXFileReference; lastKnownFileType = wrapper.framework; name = SystemConfiguration.framework; path = System/Library/Frameworks/SystemConfiguration.framework; sourceTree = SDKROOT; };
		67D9F48E1B41305100D000DF /* UIKit.framework */ = {isa = PBXFileReference; lastKnownFileType = wrapper.framework; name = UIKit.framework; path = System/Library/Frameworks/UIKit.framework; sourceTree = SDKROOT; };
		67D9F5961B424FAE00D000DF /* JKCustomButton.h */ = {isa = PBXFileReference; fileEncoding = 4; lastKnownFileType = sourcecode.c.h; path = JKCustomButton.h; sourceTree = "<group>"; };
		67D9F5971B424FAE00D000DF /* JKCustomButton.m */ = {isa = PBXFileReference; fileEncoding = 4; lastKnownFileType = sourcecode.c.objc; path = JKCustomButton.m; sourceTree = "<group>"; };
		67D9F5991B429C1C00D000DF /* JKCommentViewController.h */ = {isa = PBXFileReference; fileEncoding = 4; lastKnownFileType = sourcecode.c.h; path = JKCommentViewController.h; sourceTree = "<group>"; };
		67D9F59A1B429C1C00D000DF /* JKCommentViewController.m */ = {isa = PBXFileReference; fileEncoding = 4; lastKnownFileType = sourcecode.c.objc; path = JKCommentViewController.m; sourceTree = "<group>"; };
		67D9F5C21B42A55B00D000DF /* AnDeviceManager.h */ = {isa = PBXFileReference; fileEncoding = 4; lastKnownFileType = sourcecode.c.h; path = AnDeviceManager.h; sourceTree = "<group>"; };
		67D9F5C31B42A55B00D000DF /* AnIM.h */ = {isa = PBXFileReference; fileEncoding = 4; lastKnownFileType = sourcecode.c.h; path = AnIM.h; sourceTree = "<group>"; };
		67D9F5C41B42A55B00D000DF /* AnIMMessage.h */ = {isa = PBXFileReference; fileEncoding = 4; lastKnownFileType = sourcecode.c.h; path = AnIMMessage.h; sourceTree = "<group>"; };
		67D9F5C51B42A55B00D000DF /* AnLive.h */ = {isa = PBXFileReference; fileEncoding = 4; lastKnownFileType = sourcecode.c.h; path = AnLive.h; sourceTree = "<group>"; };
		67D9F5C61B42A55B00D000DF /* AnLiveLocalVideoView.h */ = {isa = PBXFileReference; fileEncoding = 4; lastKnownFileType = sourcecode.c.h; path = AnLiveLocalVideoView.h; sourceTree = "<group>"; };
		67D9F5C71B42A55B00D000DF /* AnLiveProtocols.h */ = {isa = PBXFileReference; fileEncoding = 4; lastKnownFileType = sourcecode.c.h; path = AnLiveProtocols.h; sourceTree = "<group>"; };
		67D9F5C81B42A55B00D000DF /* AnLiveVideoView.h */ = {isa = PBXFileReference; fileEncoding = 4; lastKnownFileType = sourcecode.c.h; path = AnLiveVideoView.h; sourceTree = "<group>"; };
		67D9F5C91B42A55B00D000DF /* AnPush.h */ = {isa = PBXFileReference; fileEncoding = 4; lastKnownFileType = sourcecode.c.h; path = AnPush.h; sourceTree = "<group>"; };
		67D9F5CA1B42A55B00D000DF /* AnSocial.h */ = {isa = PBXFileReference; fileEncoding = 4; lastKnownFileType = sourcecode.c.h; path = AnSocial.h; sourceTree = "<group>"; };
		67D9F5CB1B42A55B00D000DF /* AnSocialFile.h */ = {isa = PBXFileReference; fileEncoding = 4; lastKnownFileType = sourcecode.c.h; path = AnSocialFile.h; sourceTree = "<group>"; };
		67D9F5CC1B42A55B00D000DF /* ArrownockException.h */ = {isa = PBXFileReference; fileEncoding = 4; lastKnownFileType = sourcecode.c.h; path = ArrownockException.h; sourceTree = "<group>"; };
		67D9F5CD1B42A55B00D000DF /* libLightspeed-arm64-2.23.3.a */ = {isa = PBXFileReference; lastKnownFileType = archive.ar; path = "libLightspeed-arm64-2.23.3.a"; sourceTree = "<group>"; };
		67D9F5CE1B42A55B00D000DF /* libLightspeed-armv7-2.23.3.a */ = {isa = PBXFileReference; lastKnownFileType = archive.ar; path = "libLightspeed-armv7-2.23.3.a"; sourceTree = "<group>"; };
		67D9F5CF1B42A55B00D000DF /* libLightspeed-armv7s-2.23.3.a */ = {isa = PBXFileReference; lastKnownFileType = archive.ar; path = "libLightspeed-armv7s-2.23.3.a"; sourceTree = "<group>"; };
		67D9F5D01B42A55B00D000DF /* libLightspeed-i386-2.23.3.a */ = {isa = PBXFileReference; lastKnownFileType = archive.ar; path = "libLightspeed-i386-2.23.3.a"; sourceTree = "<group>"; };
		67D9F5D11B42A55B00D000DF /* libLightspeed-x86_64-2.23.3.a */ = {isa = PBXFileReference; lastKnownFileType = archive.ar; path = "libLightspeed-x86_64-2.23.3.a"; sourceTree = "<group>"; };
		67E12E981B31221700761D69 /* Joka.app */ = {isa = PBXFileReference; explicitFileType = wrapper.application; includeInIndex = 0; path = Joka.app; sourceTree = BUILT_PRODUCTS_DIR; };
		67E12E9C1B31221700761D69 /* Info.plist */ = {isa = PBXFileReference; lastKnownFileType = text.plist.xml; path = Info.plist; sourceTree = "<group>"; };
		67E12E9D1B31221700761D69 /* main.m */ = {isa = PBXFileReference; lastKnownFileType = sourcecode.c.objc; path = main.m; sourceTree = "<group>"; };
		67E12E9F1B31221700761D69 /* AppDelegate.h */ = {isa = PBXFileReference; lastKnownFileType = sourcecode.c.h; path = AppDelegate.h; sourceTree = "<group>"; };
		67E12EA01B31221700761D69 /* AppDelegate.m */ = {isa = PBXFileReference; lastKnownFileType = sourcecode.c.objc; path = AppDelegate.m; sourceTree = "<group>"; };
		67E12EA21B31221700761D69 /* ViewController.h */ = {isa = PBXFileReference; lastKnownFileType = sourcecode.c.h; path = ViewController.h; sourceTree = "<group>"; };
		67E12EA31B31221700761D69 /* ViewController.m */ = {isa = PBXFileReference; lastKnownFileType = sourcecode.c.objc; path = ViewController.m; sourceTree = "<group>"; };
		67E12EA61B31221700761D69 /* Base */ = {isa = PBXFileReference; lastKnownFileType = file.storyboard; name = Base; path = Base.lproj/Main.storyboard; sourceTree = "<group>"; };
		67E12EA81B31221700761D69 /* Images.xcassets */ = {isa = PBXFileReference; lastKnownFileType = folder.assetcatalog; path = Images.xcassets; sourceTree = "<group>"; };
		67E12EB11B31221700761D69 /* JokaTests.xctest */ = {isa = PBXFileReference; explicitFileType = wrapper.cfbundle; includeInIndex = 0; path = JokaTests.xctest; sourceTree = BUILT_PRODUCTS_DIR; };
		67E12EB61B31221700761D69 /* Info.plist */ = {isa = PBXFileReference; lastKnownFileType = text.plist.xml; path = Info.plist; sourceTree = "<group>"; };
		67E12EB71B31221700761D69 /* JokaTests.m */ = {isa = PBXFileReference; lastKnownFileType = sourcecode.c.objc; path = JokaTests.m; sourceTree = "<group>"; };
		67E12ED41B3122E100761D69 /* Security.framework */ = {isa = PBXFileReference; lastKnownFileType = wrapper.framework; name = Security.framework; path = System/Library/Frameworks/Security.framework; sourceTree = SDKROOT; };
		67E12ED61B31234B00761D69 /* LoginViewController.h */ = {isa = PBXFileReference; fileEncoding = 4; lastKnownFileType = sourcecode.c.h; path = LoginViewController.h; sourceTree = "<group>"; };
		67E12ED71B31234B00761D69 /* LoginViewController.m */ = {isa = PBXFileReference; fileEncoding = 4; lastKnownFileType = sourcecode.c.objc; path = LoginViewController.m; sourceTree = "<group>"; };
		67E12F1B1B31491000761D69 /* JKPushDelegate.h */ = {isa = PBXFileReference; fileEncoding = 4; lastKnownFileType = sourcecode.c.h; path = JKPushDelegate.h; sourceTree = "<group>"; };
		67E12F1C1B31491000761D69 /* JKPushDelegate.m */ = {isa = PBXFileReference; fileEncoding = 4; lastKnownFileType = sourcecode.c.objc; path = JKPushDelegate.m; sourceTree = "<group>"; };
		67E12F1E1B315D6100761D69 /* JKPersonalProfileViewController.h */ = {isa = PBXFileReference; fileEncoding = 4; lastKnownFileType = sourcecode.c.h; path = JKPersonalProfileViewController.h; sourceTree = "<group>"; };
		67E12F1F1B315D6100761D69 /* JKPersonalProfileViewController.m */ = {isa = PBXFileReference; fileEncoding = 4; lastKnownFileType = sourcecode.c.objc; path = JKPersonalProfileViewController.m; sourceTree = "<group>"; };
		67E12F221B3170B100761D69 /* JKUserListViewController.h */ = {isa = PBXFileReference; fileEncoding = 4; lastKnownFileType = sourcecode.c.h; path = JKUserListViewController.h; sourceTree = "<group>"; };
		67E12F231B3170B100761D69 /* JKUserListViewController.m */ = {isa = PBXFileReference; fileEncoding = 4; lastKnownFileType = sourcecode.c.objc; path = JKUserListViewController.m; sourceTree = "<group>"; };
		67E12F271B317E0400761D69 /* JokaCredentials.h */ = {isa = PBXFileReference; lastKnownFileType = sourcecode.c.h; path = JokaCredentials.h; sourceTree = "<group>"; };
		67E12F281B32598600761D69 /* JKChatViewController.h */ = {isa = PBXFileReference; fileEncoding = 4; lastKnownFileType = sourcecode.c.h; path = JKChatViewController.h; sourceTree = "<group>"; };
		67E12F291B32598600761D69 /* JKChatViewController.m */ = {isa = PBXFileReference; fileEncoding = 4; lastKnownFileType = sourcecode.c.objc; path = JKChatViewController.m; sourceTree = "<group>"; };
		67E12F2C1B32677200761D69 /* JKProfileViewController.h */ = {isa = PBXFileReference; fileEncoding = 4; lastKnownFileType = sourcecode.c.h; path = JKProfileViewController.h; sourceTree = "<group>"; };
		67E12F2D1B32677200761D69 /* JKProfileViewController.m */ = {isa = PBXFileReference; fileEncoding = 4; lastKnownFileType = sourcecode.c.objc; path = JKProfileViewController.m; sourceTree = "<group>"; };
		67E12F301B32BA9400761D69 /* JKLightspeedManager.h */ = {isa = PBXFileReference; fileEncoding = 4; lastKnownFileType = sourcecode.c.h; path = JKLightspeedManager.h; sourceTree = "<group>"; };
		67E12F311B32BA9400761D69 /* JKLightspeedManager.m */ = {isa = PBXFileReference; fileEncoding = 4; lastKnownFileType = sourcecode.c.objc; path = JKLightspeedManager.m; sourceTree = "<group>"; };
		67F7C7B31B37FF3E0026E344 /* JKEnterUserInfoViewController.h */ = {isa = PBXFileReference; fileEncoding = 4; lastKnownFileType = sourcecode.c.h; path = JKEnterUserInfoViewController.h; sourceTree = "<group>"; };
		67F7C7B41B37FF3E0026E344 /* JKEnterUserInfoViewController.m */ = {isa = PBXFileReference; fileEncoding = 4; lastKnownFileType = sourcecode.c.objc; path = JKEnterUserInfoViewController.m; sourceTree = "<group>"; };
/* End PBXFileReference section */

/* Begin PBXFrameworksBuildPhase section */
		67E12E951B31221700761D69 /* Frameworks */ = {
			isa = PBXFrameworksBuildPhase;
			buildActionMask = 2147483647;
			files = (
				6713A6881B464B4300E3D2B5 /* MobileCoreServices.framework in Frameworks */,
				6713A6681B46447D00E3D2B5 /* CoreData.framework in Frameworks */,
				6713A6551B4635CC00E3D2B5 /* CoreGraphics.framework in Frameworks */,
				67D9F48F1B41305100D000DF /* UIKit.framework in Frameworks */,
				67D9F48D1B412F9700D000DF /* SystemConfiguration.framework in Frameworks */,
				67D9F5D91B42A55B00D000DF /* libLightspeed-x86_64-2.23.3.a in Frameworks */,
				67D9F48B1B412F8E00D000DF /* Foundation.framework in Frameworks */,
				67D9F5D61B42A55B00D000DF /* libLightspeed-armv7-2.23.3.a in Frameworks */,
				67D9F5D51B42A55B00D000DF /* libLightspeed-arm64-2.23.3.a in Frameworks */,
				67D9F5D81B42A55B00D000DF /* libLightspeed-i386-2.23.3.a in Frameworks */,
				67D9F5D71B42A55B00D000DF /* libLightspeed-armv7s-2.23.3.a in Frameworks */,
				67E12ED51B3122E100761D69 /* Security.framework in Frameworks */,
			);
			runOnlyForDeploymentPostprocessing = 0;
		};
		67E12EAE1B31221700761D69 /* Frameworks */ = {
			isa = PBXFrameworksBuildPhase;
			buildActionMask = 2147483647;
			files = (
			);
			runOnlyForDeploymentPostprocessing = 0;
		};
/* End PBXFrameworksBuildPhase section */

/* Begin PBXGroup section */
		6705FBAB1B4BDE2300D94D0C /* SearchView */ = {
			isa = PBXGroup;
			children = (
				6705FBAC1B4BDE4E00D94D0C /* JKSearchTableViewController.h */,
				6705FBAD1B4BDE4E00D94D0C /* JKSearchTableViewController.m */,
			);
			name = SearchView;
			sourceTree = "<group>";
		};
		6713A6501B4620E300E3D2B5 /* KLCPopup */ = {
			isa = PBXGroup;
			children = (
				6713A6511B4620E300E3D2B5 /* KLCPopup.h */,
				6713A6521B4620E300E3D2B5 /* KLCPopup.m */,
			);
			path = KLCPopup;
			sourceTree = "<group>";
		};
		6713A6691B4644B400E3D2B5 /* CoreDataUtil */ = {
			isa = PBXGroup;
			children = (
				6713A66A1B4644B400E3D2B5 /* CoreDataUtil.h */,
				6713A66B1B4644B400E3D2B5 /* CoreDataUtil.m */,
			);
			path = CoreDataUtil;
			sourceTree = "<group>";
		};
		6713A66D1B4645A300E3D2B5 /* ChatUtil */ = {
			isa = PBXGroup;
			children = (
				6713A66E1B4645A300E3D2B5 /* ChatUtil.h */,
				6713A66F1B4645A300E3D2B5 /* ChatUtil.m */,
			);
			path = ChatUtil;
			sourceTree = "<group>";
		};
		6713A6711B4645AD00E3D2B5 /* UserUtil */ = {
			isa = PBXGroup;
			children = (
				6713A6721B4645AD00E3D2B5 /* UserUtil.h */,
				6713A6731B4645AD00E3D2B5 /* UserUtil.m */,
			);
			path = UserUtil;
			sourceTree = "<group>";
		};
		6713A6751B46460200E3D2B5 /* HXChat */ = {
			isa = PBXGroup;
			children = (
				6713A6761B46460200E3D2B5 /* HXChat+Additions.h */,
				6713A6771B46460200E3D2B5 /* HXChat+Additions.m */,
				6713A6781B46460200E3D2B5 /* HXChat.h */,
				6713A6791B46460200E3D2B5 /* HXChat.m */,
			);
			path = HXChat;
			sourceTree = "<group>";
		};
		6713A67C1B46462200E3D2B5 /* HXUser */ = {
			isa = PBXGroup;
			children = (
				6713A67D1B46462200E3D2B5 /* HXUser+Additions.h */,
				6713A67E1B46462200E3D2B5 /* HXUser+Additions.m */,
				6713A67F1B46462200E3D2B5 /* HXUser.h */,
				6713A6801B46462200E3D2B5 /* HXUser.m */,
			);
			path = HXUser;
			sourceTree = "<group>";
		};
		6713A6831B46467000E3D2B5 /* NotificationCenterUtil */ = {
			isa = PBXGroup;
			children = (
				6713A6841B46467000E3D2B5 /* NotificationCenterUtil.h */,
				6713A6851B46467000E3D2B5 /* NotificationCenterUtil.m */,
			);
			name = NotificationCenterUtil;
			path = CoreDataUtil/NotificationCenterUtil;
			sourceTree = "<group>";
		};
		6713A6921B46724700E3D2B5 /* BasicUtil */ = {
			isa = PBXGroup;
			children = (
				6713A6931B46724700E3D2B5 /* HXAppUtility.h */,
				6713A6941B46724700E3D2B5 /* HXAppUtility.m */,
			);
			path = BasicUtil;
			sourceTree = "<group>";
		};
		6713A7291B4672BA00E3D2B5 /* SDWebImage */ = {
			isa = PBXGroup;
			children = (
				6713A72A1B4672BA00E3D2B5 /* MKAnnotationView+WebCache.h */,
				6713A72B1B4672BA00E3D2B5 /* MKAnnotationView+WebCache.m */,
				6713A72C1B4672BA00E3D2B5 /* NSData+ImageContentType.h */,
				6713A72D1B4672BA00E3D2B5 /* NSData+ImageContentType.m */,
				6713A72E1B4672BA00E3D2B5 /* SDImageCache.h */,
				6713A72F1B4672BA00E3D2B5 /* SDImageCache.m */,
				6713A7301B4672BA00E3D2B5 /* SDWebImageCompat.h */,
				6713A7311B4672BA00E3D2B5 /* SDWebImageCompat.m */,
				6713A7321B4672BA00E3D2B5 /* SDWebImageDecoder.h */,
				6713A7331B4672BA00E3D2B5 /* SDWebImageDecoder.m */,
				6713A7341B4672BA00E3D2B5 /* SDWebImageDownloader.h */,
				6713A7351B4672BA00E3D2B5 /* SDWebImageDownloader.m */,
				6713A7361B4672BA00E3D2B5 /* SDWebImageDownloaderOperation.h */,
				6713A7371B4672BA00E3D2B5 /* SDWebImageDownloaderOperation.m */,
				6713A7381B4672BA00E3D2B5 /* SDWebImageManager.h */,
				6713A7391B4672BA00E3D2B5 /* SDWebImageManager.m */,
				6713A73A1B4672BA00E3D2B5 /* SDWebImageOperation.h */,
				6713A73B1B4672BA00E3D2B5 /* SDWebImagePrefetcher.h */,
				6713A73C1B4672BA00E3D2B5 /* SDWebImagePrefetcher.m */,
				6713A73D1B4672BA00E3D2B5 /* UIButton+WebCache.h */,
				6713A73E1B4672BA00E3D2B5 /* UIButton+WebCache.m */,
				6713A73F1B4672BA00E3D2B5 /* UIImage+GIF.h */,
				6713A7401B4672BA00E3D2B5 /* UIImage+GIF.m */,
				6713A7411B4672BA00E3D2B5 /* UIImage+MultiFormat.h */,
				6713A7421B4672BA00E3D2B5 /* UIImage+MultiFormat.m */,
				6713A7431B4672BA00E3D2B5 /* UIImage+WebP.h */,
				6713A7441B4672BA00E3D2B5 /* UIImage+WebP.m */,
				6713A7451B4672BA00E3D2B5 /* UIImageView+HighlightedWebCache.h */,
				6713A7461B4672BA00E3D2B5 /* UIImageView+HighlightedWebCache.m */,
				6713A7471B4672BA00E3D2B5 /* UIImageView+WebCache.h */,
				6713A7481B4672BA00E3D2B5 /* UIImageView+WebCache.m */,
				6713A7491B4672BA00E3D2B5 /* UIView+WebCacheOperation.h */,
				6713A74A1B4672BA00E3D2B5 /* UIView+WebCacheOperation.m */,
			);
			path = SDWebImage;
			sourceTree = "<group>";
		};
		6713A7671B4A7E5100E3D2B5 /* MessageUtil */ = {
			isa = PBXGroup;
			children = (
				6713A7681B4A7E5100E3D2B5 /* MessageUtil.h */,
				6713A7691B4A7E5100E3D2B5 /* MessageUtil.m */,
			);
			path = MessageUtil;
			sourceTree = "<group>";
		};
		67273C8E1B3956FC00DAECDF /* SWRevealViewController */ = {
			isa = PBXGroup;
			children = (
				67273C8F1B3956FC00DAECDF /* SWRevealViewController.h */,
				67273C901B3956FC00DAECDF /* SWRevealViewController.m */,
			);
			path = SWRevealViewController;
			sourceTree = "<group>";
		};
		67273C951B3964A700DAECDF /* RearTableView */ = {
			isa = PBXGroup;
			children = (
				67273C921B395AA100DAECDF /* JKRearTableViewController.h */,
				67273C931B395AA100DAECDF /* JKRearTableViewController.m */,
			);
			name = RearTableView;
			sourceTree = "<group>";
		};
		67273CA71B396EA100DAECDF /* ChatHistoryView */ = {
			isa = PBXGroup;
			children = (
				67273CAC1B3A59DC00DAECDF /* JKMessagesViewController.h */,
				67273CAD1B3A59DC00DAECDF /* JKMessagesViewController.m */,
			);
			name = ChatHistoryView;
			sourceTree = "<group>";
		};
		67273CA81B3A49D700DAECDF /* FriendsView */ = {
			isa = PBXGroup;
			children = (
				67273CA91B3A49FF00DAECDF /* JKFriendListViewController.h */,
				67273CAA1B3A49FF00DAECDF /* JKFriendListViewController.m */,
			);
			name = FriendsView;
			sourceTree = "<group>";
		};
		67273CAF1B3A961400DAECDF /* WallView */ = {
			isa = PBXGroup;
			children = (
				67273CB01B3A962F00DAECDF /* JKWallViewController.h */,
				67273CB11B3A962F00DAECDF /* JKWallViewController.m */,
				67273CB61B3AA9A500DAECDF /* JKWallTableViewCell.h */,
				67273CB71B3AA9A500DAECDF /* JKWallTableViewCell.m */,
				67D9F5961B424FAE00D000DF /* JKCustomButton.h */,
				67D9F5971B424FAE00D000DF /* JKCustomButton.m */,
				67273CB31B3AA07300DAECDF /* JKCreatePostViewController.h */,
				67273CB41B3AA07300DAECDF /* JKCreatePostViewController.m */,
				67D9F5991B429C1C00D000DF /* JKCommentViewController.h */,
				67D9F59A1B429C1C00D000DF /* JKCommentViewController.m */,
			);
			name = WallView;
			sourceTree = "<group>";
		};
		67D9F5BB1B42A55B00D000DF /* lightspeed-ios-sdk-2.23.3 */ = {
			isa = PBXGroup;
			children = (
				67D9F5C01B42A55B00D000DF /* include */,
				67D9F5CD1B42A55B00D000DF /* libLightspeed-arm64-2.23.3.a */,
				67D9F5CE1B42A55B00D000DF /* libLightspeed-armv7-2.23.3.a */,
				67D9F5CF1B42A55B00D000DF /* libLightspeed-armv7s-2.23.3.a */,
				67D9F5D01B42A55B00D000DF /* libLightspeed-i386-2.23.3.a */,
				67D9F5D11B42A55B00D000DF /* libLightspeed-x86_64-2.23.3.a */,
			);
			path = "lightspeed-ios-sdk-2.23.3";
			sourceTree = "<group>";
		};
		67D9F5C01B42A55B00D000DF /* include */ = {
			isa = PBXGroup;
			children = (
				67D9F5C11B42A55B00D000DF /* Arrownock */,
			);
			path = include;
			sourceTree = "<group>";
		};
		67D9F5C11B42A55B00D000DF /* Arrownock */ = {
			isa = PBXGroup;
			children = (
				67D9F5C21B42A55B00D000DF /* AnDeviceManager.h */,
				67D9F5C31B42A55B00D000DF /* AnIM.h */,
				67D9F5C41B42A55B00D000DF /* AnIMMessage.h */,
				67D9F5C51B42A55B00D000DF /* AnLive.h */,
				67D9F5C61B42A55B00D000DF /* AnLiveLocalVideoView.h */,
				67D9F5C71B42A55B00D000DF /* AnLiveProtocols.h */,
				67D9F5C81B42A55B00D000DF /* AnLiveVideoView.h */,
				67D9F5C91B42A55B00D000DF /* AnPush.h */,
				67D9F5CA1B42A55B00D000DF /* AnSocial.h */,
				67D9F5CB1B42A55B00D000DF /* AnSocialFile.h */,
				67D9F5CC1B42A55B00D000DF /* ArrownockException.h */,
			);
			path = Arrownock;
			sourceTree = "<group>";
		};
		67E12E8F1B31221700761D69 = {
			isa = PBXGroup;
			children = (
				6713A6871B464B4300E3D2B5 /* MobileCoreServices.framework */,
				6713A6671B46447D00E3D2B5 /* CoreData.framework */,
				6713A6561B46361100E3D2B5 /* PrefixHeader.pch */,
				6713A6541B4635CC00E3D2B5 /* CoreGraphics.framework */,
				67D9F5BB1B42A55B00D000DF /* lightspeed-ios-sdk-2.23.3 */,
				67D9F48E1B41305100D000DF /* UIKit.framework */,
				67D9F48C1B412F9700D000DF /* SystemConfiguration.framework */,
				67D9F48A1B412F8E00D000DF /* Foundation.framework */,
				67E12ED41B3122E100761D69 /* Security.framework */,
				67E12E9A1B31221700761D69 /* Joka */,
				67E12EB41B31221700761D69 /* JokaTests */,
				67E12E991B31221700761D69 /* Products */,
			);
			sourceTree = "<group>";
		};
		67E12E991B31221700761D69 /* Products */ = {
			isa = PBXGroup;
			children = (
				67E12E981B31221700761D69 /* Joka.app */,
				67E12EB11B31221700761D69 /* JokaTests.xctest */,
			);
			name = Products;
			sourceTree = "<group>";
		};
		67E12E9A1B31221700761D69 /* Joka */ = {
			isa = PBXGroup;
			children = (
				6713A7291B4672BA00E3D2B5 /* SDWebImage */,
				6713A68C1B46540100E3D2B5 /* Joka.xcdatamodeld */,
				6713A64E1B45414A00E3D2B5 /* LaunchScreen.xib */,
				67273C891B39469200DAECDF /* Joka.entitlements */,
				67E12F271B317E0400761D69 /* JokaCredentials.h */,
				67E12EA51B31221700761D69 /* Main.storyboard */,
				67273CBF1B3D329E00DAECDF /* JKActivityControlView.h */,
				67273CC01B3D329E00DAECDF /* JKActivityControlView.m */,
				67E12E9F1B31221700761D69 /* AppDelegate.h */,
				67E12EA01B31221700761D69 /* AppDelegate.m */,
				67E12EA21B31221700761D69 /* ViewController.h */,
				67E12EA31B31221700761D69 /* ViewController.m */,
				6705FBAB1B4BDE2300D94D0C /* SearchView */,
				6713A7671B4A7E5100E3D2B5 /* MessageUtil */,
				6713A6921B46724700E3D2B5 /* BasicUtil */,
				6713A67C1B46462200E3D2B5 /* HXUser */,
				6713A6751B46460200E3D2B5 /* HXChat */,
				6713A6711B4645AD00E3D2B5 /* UserUtil */,
				6713A66D1B4645A300E3D2B5 /* ChatUtil */,
				6713A6831B46467000E3D2B5 /* NotificationCenterUtil */,
				6713A6691B4644B400E3D2B5 /* CoreDataUtil */,
				6713A6501B4620E300E3D2B5 /* KLCPopup */,
				67E12ED91B312E1000761D69 /* LoginSignupView */,
				67E12F331B32BA9A00761D69 /* LightspeedManager */,
				67273C8E1B3956FC00DAECDF /* SWRevealViewController */,
				67273C951B3964A700DAECDF /* RearTableView */,
				67E12F211B315D6A00761D69 /* PersonalProfileView */,
				67E12F2B1B32598A00761D69 /* ChatView */,
				67E12F261B3170BE00761D69 /* UserListView */,
				67273CA81B3A49D700DAECDF /* FriendsView */,
				67273CA71B396EA100DAECDF /* ChatHistoryView */,
				67273CAF1B3A961400DAECDF /* WallView */,
				67E12E9B1B31221700761D69 /* Supporting Files */,
				67E12F1B1B31491000761D69 /* JKPushDelegate.h */,
				67E12F1C1B31491000761D69 /* JKPushDelegate.m */,
				67E12EA81B31221700761D69 /* Images.xcassets */,
			);
			path = Joka;
			sourceTree = "<group>";
		};
		67E12E9B1B31221700761D69 /* Supporting Files */ = {
			isa = PBXGroup;
			children = (
				67E12E9C1B31221700761D69 /* Info.plist */,
				67E12E9D1B31221700761D69 /* main.m */,
			);
			name = "Supporting Files";
			sourceTree = "<group>";
		};
		67E12EB41B31221700761D69 /* JokaTests */ = {
			isa = PBXGroup;
			children = (
				67E12EB71B31221700761D69 /* JokaTests.m */,
				67E12EB51B31221700761D69 /* Supporting Files */,
			);
			path = JokaTests;
			sourceTree = "<group>";
		};
		67E12EB51B31221700761D69 /* Supporting Files */ = {
			isa = PBXGroup;
			children = (
				67E12EB61B31221700761D69 /* Info.plist */,
			);
			name = "Supporting Files";
			sourceTree = "<group>";
		};
		67E12ED91B312E1000761D69 /* LoginSignupView */ = {
			isa = PBXGroup;
			children = (
				67E12ED61B31234B00761D69 /* LoginViewController.h */,
				67E12ED71B31234B00761D69 /* LoginViewController.m */,
			);
			name = LoginSignupView;
			sourceTree = "<group>";
		};
		67E12F211B315D6A00761D69 /* PersonalProfileView */ = {
			isa = PBXGroup;
			children = (
				67E12F1E1B315D6100761D69 /* JKPersonalProfileViewController.h */,
				67E12F1F1B315D6100761D69 /* JKPersonalProfileViewController.m */,
				67F7C7B31B37FF3E0026E344 /* JKEnterUserInfoViewController.h */,
				67F7C7B41B37FF3E0026E344 /* JKEnterUserInfoViewController.m */,
				67273CB91B3BE63700DAECDF /* JKEditProfileTableViewController.h */,
				67273CBA1B3BE63700DAECDF /* JKEditProfileTableViewController.m */,
			);
			name = PersonalProfileView;
			sourceTree = "<group>";
		};
		67E12F261B3170BE00761D69 /* UserListView */ = {
			isa = PBXGroup;
			children = (
				67E12F221B3170B100761D69 /* JKUserListViewController.h */,
				67E12F231B3170B100761D69 /* JKUserListViewController.m */,
				67E12F2F1B32677500761D69 /* ProfileView */,
			);
			name = UserListView;
			sourceTree = "<group>";
		};
		67E12F2B1B32598A00761D69 /* ChatView */ = {
			isa = PBXGroup;
			children = (
				67E12F281B32598600761D69 /* JKChatViewController.h */,
				67E12F291B32598600761D69 /* JKChatViewController.m */,
				6713A68F1B466F4200E3D2B5 /* HXMessageTableViewCell.h */,
				6713A6901B466F4200E3D2B5 /* HXMessageTableViewCell.m */,
				6713A7641B4A799600E3D2B5 /* JKMessageTableViewCell.h */,
				6713A7651B4A799600E3D2B5 /* JKMessageTableViewCell.m */,
				6713A75E1B4A6A1600E3D2B5 /* HXImageDetailViewController.h */,
				6713A75F1B4A6A1600E3D2B5 /* HXImageDetailViewController.m */,
				6713A7611B4A6B3400E3D2B5 /* HXMapViewController.h */,
				6713A7621B4A6B3400E3D2B5 /* HXMapViewController.m */,
				6713A76B1B4B65ED00E3D2B5 /* HXVoiceRecordView.h */,
				6713A76C1B4B65ED00E3D2B5 /* HXVoiceRecordView.m */,
			);
			name = ChatView;
			sourceTree = "<group>";
		};
		67E12F2F1B32677500761D69 /* ProfileView */ = {
			isa = PBXGroup;
			children = (
				67E12F2C1B32677200761D69 /* JKProfileViewController.h */,
				67E12F2D1B32677200761D69 /* JKProfileViewController.m */,
			);
			name = ProfileView;
			sourceTree = "<group>";
		};
		67E12F331B32BA9A00761D69 /* LightspeedManager */ = {
			isa = PBXGroup;
			children = (
				67E12F301B32BA9400761D69 /* JKLightspeedManager.h */,
				67E12F311B32BA9400761D69 /* JKLightspeedManager.m */,
				6713A6571B463EEB00E3D2B5 /* HXAnSocialManager.h */,
				6713A6581B463EEB00E3D2B5 /* HXAnSocialManager.m */,
				6713A65A1B46422C00E3D2B5 /* HXMessage.h */,
				6713A65B1B46422C00E3D2B5 /* HXMessage.m */,
				6713A6641B46438F00E3D2B5 /* ActivityIndicatorManager.h */,
				6713A6651B46438F00E3D2B5 /* ActivityIndicatorManager.m */,
				6713A65C1B46422C00E3D2B5 /* HXMessage+Additions.h */,
				6713A65D1B46422C00E3D2B5 /* HXMessage+Additions.m */,
			);
			name = LightspeedManager;
			sourceTree = "<group>";
		};
/* End PBXGroup section */

/* Begin PBXNativeTarget section */
		67E12E971B31221700761D69 /* Joka */ = {
			isa = PBXNativeTarget;
			buildConfigurationList = 67E12EBB1B31221700761D69 /* Build configuration list for PBXNativeTarget "Joka" */;
			buildPhases = (
				67E12E941B31221700761D69 /* Sources */,
				67E12E951B31221700761D69 /* Frameworks */,
				67E12E961B31221700761D69 /* Resources */,
			);
			buildRules = (
			);
			dependencies = (
			);
			name = Joka;
			productName = Joka;
			productReference = 67E12E981B31221700761D69 /* Joka.app */;
			productType = "com.apple.product-type.application";
		};
		67E12EB01B31221700761D69 /* JokaTests */ = {
			isa = PBXNativeTarget;
			buildConfigurationList = 67E12EBE1B31221700761D69 /* Build configuration list for PBXNativeTarget "JokaTests" */;
			buildPhases = (
				67E12EAD1B31221700761D69 /* Sources */,
				67E12EAE1B31221700761D69 /* Frameworks */,
				67E12EAF1B31221700761D69 /* Resources */,
			);
			buildRules = (
			);
			dependencies = (
				67E12EB31B31221700761D69 /* PBXTargetDependency */,
			);
			name = JokaTests;
			productName = JokaTests;
			productReference = 67E12EB11B31221700761D69 /* JokaTests.xctest */;
			productType = "com.apple.product-type.bundle.unit-test";
		};
/* End PBXNativeTarget section */

/* Begin PBXProject section */
		67E12E901B31221700761D69 /* Project object */ = {
			isa = PBXProject;
			attributes = {
				CLASSPREFIX = JK;
				LastUpgradeCheck = 0630;
				ORGANIZATIONNAME = "雷翊廷";
				TargetAttributes = {
					67E12E971B31221700761D69 = {
						CreatedOnToolsVersion = 6.3.2;
						DevelopmentTeam = BXVM339AGG;
						SystemCapabilities = {
							com.apple.iCloud = {
								enabled = 0;
							};
						};
					};
					67E12EB01B31221700761D69 = {
						CreatedOnToolsVersion = 6.3.2;
						TestTargetID = 67E12E971B31221700761D69;
					};
				};
			};
			buildConfigurationList = 67E12E931B31221700761D69 /* Build configuration list for PBXProject "Joka" */;
			compatibilityVersion = "Xcode 3.2";
			developmentRegion = English;
			hasScannedForEncodings = 0;
			knownRegions = (
				en,
				Base,
			);
			mainGroup = 67E12E8F1B31221700761D69;
			productRefGroup = 67E12E991B31221700761D69 /* Products */;
			projectDirPath = "";
			projectRoot = "";
			targets = (
				67E12E971B31221700761D69 /* Joka */,
				67E12EB01B31221700761D69 /* JokaTests */,
			);
		};
/* End PBXProject section */

/* Begin PBXResourcesBuildPhase section */
		67E12E961B31221700761D69 /* Resources */ = {
			isa = PBXResourcesBuildPhase;
			buildActionMask = 2147483647;
			files = (
				6713A64F1B45414A00E3D2B5 /* LaunchScreen.xib in Resources */,
				67273C8A1B39469200DAECDF /* Joka.entitlements in Resources */,
				67E12EA71B31221700761D69 /* Main.storyboard in Resources */,
				67E12EA91B31221700761D69 /* Images.xcassets in Resources */,
			);
			runOnlyForDeploymentPostprocessing = 0;
		};
		67E12EAF1B31221700761D69 /* Resources */ = {
			isa = PBXResourcesBuildPhase;
			buildActionMask = 2147483647;
			files = (
			);
			runOnlyForDeploymentPostprocessing = 0;
		};
/* End PBXResourcesBuildPhase section */

/* Begin PBXSourcesBuildPhase section */
		67E12E941B31221700761D69 /* Sources */ = {
			isa = PBXSourcesBuildPhase;
			buildActionMask = 2147483647;
			files = (
				6713A7541B4672BA00E3D2B5 /* UIButton+WebCache.m in Sources */,
				67273CC11B3D329E00DAECDF /* JKActivityControlView.m in Sources */,
				67D9F59B1B429C1C00D000DF /* JKCommentViewController.m in Sources */,
				67E12ED81B31234B00761D69 /* LoginViewController.m in Sources */,
				6713A6951B46724700E3D2B5 /* HXAppUtility.m in Sources */,
				6713A7581B4672BA00E3D2B5 /* UIImageView+HighlightedWebCache.m in Sources */,
				6713A6701B4645A300E3D2B5 /* ChatUtil.m in Sources */,
				6713A74C1B4672BA00E3D2B5 /* NSData+ImageContentType.m in Sources */,
				6713A6591B463EEB00E3D2B5 /* HXAnSocialManager.m in Sources */,
				6713A7631B4A6B3400E3D2B5 /* HXMapViewController.m in Sources */,
				67E12F2A1B32598600761D69 /* JKChatViewController.m in Sources */,
				6713A65F1B46422C00E3D2B5 /* HXMessage+Additions.m in Sources */,
				6713A66C1B4644B400E3D2B5 /* CoreDataUtil.m in Sources */,
				6713A6661B46438F00E3D2B5 /* ActivityIndicatorManager.m in Sources */,
				6713A6861B46467000E3D2B5 /* NotificationCenterUtil.m in Sources */,
				6713A74E1B4672BA00E3D2B5 /* SDWebImageCompat.m in Sources */,
				6713A7521B4672BA00E3D2B5 /* SDWebImageManager.m in Sources */,
				67E12F201B315D6100761D69 /* JKPersonalProfileViewController.m in Sources */,
				6713A74D1B4672BA00E3D2B5 /* SDImageCache.m in Sources */,
				67273C941B395AA100DAECDF /* JKRearTableViewController.m in Sources */,
				6713A74F1B4672BA00E3D2B5 /* SDWebImageDecoder.m in Sources */,
				67273CB81B3AA9A500DAECDF /* JKWallTableViewCell.m in Sources */,
				6713A7661B4A799600E3D2B5 /* JKMessageTableViewCell.m in Sources */,
				67E12F1D1B31491000761D69 /* JKPushDelegate.m in Sources */,
				6713A76D1B4B65ED00E3D2B5 /* HXVoiceRecordView.m in Sources */,
				6713A7501B4672BA00E3D2B5 /* SDWebImageDownloader.m in Sources */,
				67273CB21B3A962F00DAECDF /* JKWallViewController.m in Sources */,
				6713A6911B466F4200E3D2B5 /* HXMessageTableViewCell.m in Sources */,
				67E12F241B3170B100761D69 /* JKUserListViewController.m in Sources */,
				6713A7561B4672BA00E3D2B5 /* UIImage+MultiFormat.m in Sources */,
				67E12F321B32BA9400761D69 /* JKLightspeedManager.m in Sources */,
				6713A7571B4672BA00E3D2B5 /* UIImage+WebP.m in Sources */,
				6713A67B1B46460200E3D2B5 /* HXChat.m in Sources */,
				67E12EA41B31221700761D69 /* ViewController.m in Sources */,
				6713A6811B46462200E3D2B5 /* HXUser+Additions.m in Sources */,
				6713A65E1B46422C00E3D2B5 /* HXMessage.m in Sources */,
				6713A6741B4645AD00E3D2B5 /* UserUtil.m in Sources */,
				67273C911B3956FC00DAECDF /* SWRevealViewController.m in Sources */,
				6705FBAE1B4BDE4E00D94D0C /* JKSearchTableViewController.m in Sources */,
				6713A6531B4620E300E3D2B5 /* KLCPopup.m in Sources */,
				6713A7601B4A6A1600E3D2B5 /* HXImageDetailViewController.m in Sources */,
				6713A75A1B4672BA00E3D2B5 /* UIView+WebCacheOperation.m in Sources */,
				6713A7531B4672BA00E3D2B5 /* SDWebImagePrefetcher.m in Sources */,
				67F7C7B51B37FF3E0026E344 /* JKEnterUserInfoViewController.m in Sources */,
				6713A67A1B46460200E3D2B5 /* HXChat+Additions.m in Sources */,
				67E12EA11B31221700761D69 /* AppDelegate.m in Sources */,
				6713A7551B4672BA00E3D2B5 /* UIImage+GIF.m in Sources */,
				6713A76A1B4A7E5100E3D2B5 /* MessageUtil.m in Sources */,
				67273CBB1B3BE63700DAECDF /* JKEditProfileTableViewController.m in Sources */,
				67273CB51B3AA07300DAECDF /* JKCreatePostViewController.m in Sources */,
				67273CAE1B3A59DC00DAECDF /* JKMessagesViewController.m in Sources */,
				6713A74B1B4672BA00E3D2B5 /* MKAnnotationView+WebCache.m in Sources */,
				67E12F2E1B32677200761D69 /* JKProfileViewController.m in Sources */,
				6713A7511B4672BA00E3D2B5 /* SDWebImageDownloaderOperation.m in Sources */,
				67D9F5981B424FAE00D000DF /* JKCustomButton.m in Sources */,
				67E12E9E1B31221700761D69 /* main.m in Sources */,
				6713A7591B4672BA00E3D2B5 /* UIImageView+WebCache.m in Sources */,
				67273CAB1B3A49FF00DAECDF /* JKFriendListViewController.m in Sources */,
				6713A6821B46462200E3D2B5 /* HXUser.m in Sources */,
				6713A68E1B46540100E3D2B5 /* Joka.xcdatamodeld in Sources */,
			);
			runOnlyForDeploymentPostprocessing = 0;
		};
		67E12EAD1B31221700761D69 /* Sources */ = {
			isa = PBXSourcesBuildPhase;
			buildActionMask = 2147483647;
			files = (
				67E12EB81B31221700761D69 /* JokaTests.m in Sources */,
			);
			runOnlyForDeploymentPostprocessing = 0;
		};
/* End PBXSourcesBuildPhase section */

/* Begin PBXTargetDependency section */
		67E12EB31B31221700761D69 /* PBXTargetDependency */ = {
			isa = PBXTargetDependency;
			target = 67E12E971B31221700761D69 /* Joka */;
			targetProxy = 67E12EB21B31221700761D69 /* PBXContainerItemProxy */;
		};
/* End PBXTargetDependency section */

/* Begin PBXVariantGroup section */
		67E12EA51B31221700761D69 /* Main.storyboard */ = {
			isa = PBXVariantGroup;
			children = (
				67E12EA61B31221700761D69 /* Base */,
			);
			name = Main.storyboard;
			sourceTree = "<group>";
		};
/* End PBXVariantGroup section */

/* Begin XCBuildConfiguration section */
		67E12EB91B31221700761D69 /* Debug */ = {
			isa = XCBuildConfiguration;
			buildSettings = {
				ALWAYS_SEARCH_USER_PATHS = NO;
				CLANG_CXX_LANGUAGE_STANDARD = "gnu++0x";
				CLANG_CXX_LIBRARY = "libc++";
				CLANG_ENABLE_MODULES = YES;
				CLANG_ENABLE_OBJC_ARC = YES;
				CLANG_WARN_BOOL_CONVERSION = YES;
				CLANG_WARN_CONSTANT_CONVERSION = YES;
				CLANG_WARN_DIRECT_OBJC_ISA_USAGE = YES_ERROR;
				CLANG_WARN_EMPTY_BODY = YES;
				CLANG_WARN_ENUM_CONVERSION = YES;
				CLANG_WARN_INT_CONVERSION = YES;
				CLANG_WARN_OBJC_ROOT_CLASS = YES_ERROR;
				CLANG_WARN_UNREACHABLE_CODE = YES;
				CLANG_WARN__DUPLICATE_METHOD_MATCH = YES;
				"CODE_SIGN_IDENTITY[sdk=iphoneos*]" = "iPhone Developer";
				COPY_PHASE_STRIP = NO;
				DEBUG_INFORMATION_FORMAT = "dwarf-with-dsym";
				ENABLE_STRICT_OBJC_MSGSEND = YES;
				GCC_C_LANGUAGE_STANDARD = gnu99;
				GCC_DYNAMIC_NO_PIC = NO;
				GCC_NO_COMMON_BLOCKS = YES;
				GCC_OPTIMIZATION_LEVEL = 0;
				GCC_PREPROCESSOR_DEFINITIONS = (
					"DEBUG=1",
					"$(inherited)",
				);
				GCC_SYMBOLS_PRIVATE_EXTERN = NO;
				GCC_WARN_64_TO_32_BIT_CONVERSION = YES;
				GCC_WARN_ABOUT_RETURN_TYPE = YES_ERROR;
				GCC_WARN_UNDECLARED_SELECTOR = YES;
				GCC_WARN_UNINITIALIZED_AUTOS = YES_AGGRESSIVE;
				GCC_WARN_UNUSED_FUNCTION = YES;
				GCC_WARN_UNUSED_VARIABLE = YES;
				IPHONEOS_DEPLOYMENT_TARGET = 8.3;
				MTL_ENABLE_DEBUG_INFO = YES;
				ONLY_ACTIVE_ARCH = YES;
				SDKROOT = iphoneos;
			};
			name = Debug;
		};
		67E12EBA1B31221700761D69 /* Release */ = {
			isa = XCBuildConfiguration;
			buildSettings = {
				ALWAYS_SEARCH_USER_PATHS = NO;
				CLANG_CXX_LANGUAGE_STANDARD = "gnu++0x";
				CLANG_CXX_LIBRARY = "libc++";
				CLANG_ENABLE_MODULES = YES;
				CLANG_ENABLE_OBJC_ARC = YES;
				CLANG_WARN_BOOL_CONVERSION = YES;
				CLANG_WARN_CONSTANT_CONVERSION = YES;
				CLANG_WARN_DIRECT_OBJC_ISA_USAGE = YES_ERROR;
				CLANG_WARN_EMPTY_BODY = YES;
				CLANG_WARN_ENUM_CONVERSION = YES;
				CLANG_WARN_INT_CONVERSION = YES;
				CLANG_WARN_OBJC_ROOT_CLASS = YES_ERROR;
				CLANG_WARN_UNREACHABLE_CODE = YES;
				CLANG_WARN__DUPLICATE_METHOD_MATCH = YES;
				"CODE_SIGN_IDENTITY[sdk=iphoneos*]" = "iPhone Developer";
				COPY_PHASE_STRIP = NO;
				DEBUG_INFORMATION_FORMAT = "dwarf-with-dsym";
				ENABLE_NS_ASSERTIONS = NO;
				ENABLE_STRICT_OBJC_MSGSEND = YES;
				GCC_C_LANGUAGE_STANDARD = gnu99;
				GCC_NO_COMMON_BLOCKS = YES;
				GCC_WARN_64_TO_32_BIT_CONVERSION = YES;
				GCC_WARN_ABOUT_RETURN_TYPE = YES_ERROR;
				GCC_WARN_UNDECLARED_SELECTOR = YES;
				GCC_WARN_UNINITIALIZED_AUTOS = YES_AGGRESSIVE;
				GCC_WARN_UNUSED_FUNCTION = YES;
				GCC_WARN_UNUSED_VARIABLE = YES;
				IPHONEOS_DEPLOYMENT_TARGET = 8.3;
				MTL_ENABLE_DEBUG_INFO = NO;
				SDKROOT = iphoneos;
				VALIDATE_PRODUCT = YES;
			};
			name = Release;
		};
		67E12EBC1B31221700761D69 /* Debug */ = {
			isa = XCBuildConfiguration;
			buildSettings = {
				ASSETCATALOG_COMPILER_APPICON_NAME = AppIcon;
				ASSETCATALOG_COMPILER_LAUNCHIMAGE_NAME = LaunchImage;
				CODE_SIGN_ENTITLEMENTS = "";
				CODE_SIGN_IDENTITY = "iPhone Developer";
				"CODE_SIGN_IDENTITY[sdk=iphoneos*]" = "iPhone Developer";
				GCC_PRECOMPILE_PREFIX_HEADER = YES;
				GCC_PREFIX_HEADER = "$(PROJECT_DIR)/PrefixHeader.pch";
				HEADER_SEARCH_PATHS = (
					"$(inherited)",
					"$(PROJECT_DIR)/lightspeed-ios-sdk-2.23.3/**",
				);
				INFOPLIST_FILE = Joka/Info.plist;
				IPHONEOS_DEPLOYMENT_TARGET = 7.0;
				LD_RUNPATH_SEARCH_PATHS = "$(inherited) @executable_path/Frameworks";
				LIBRARY_SEARCH_PATHS = (
					"$(PROJECT_DIR)",
					"$(PROJECT_DIR)/lightspeed-ios-sdk-2.23.3/**",
				);
				ONLY_ACTIVE_ARCH = NO;
				OTHER_LDFLAGS = "-all_load";
				PRODUCT_NAME = "$(TARGET_NAME)";
				PROVISIONING_PROFILE = "";
			};
			name = Debug;
		};
		67E12EBD1B31221700761D69 /* Release */ = {
			isa = XCBuildConfiguration;
			buildSettings = {
				ASSETCATALOG_COMPILER_APPICON_NAME = AppIcon;
				ASSETCATALOG_COMPILER_LAUNCHIMAGE_NAME = LaunchImage;
				CODE_SIGN_ENTITLEMENTS = "";
				CODE_SIGN_IDENTITY = "iPhone Developer";
				"CODE_SIGN_IDENTITY[sdk=iphoneos*]" = "iPhone Developer";
				GCC_PRECOMPILE_PREFIX_HEADER = YES;
				GCC_PREFIX_HEADER = "$(PROJECT_DIR)/PrefixHeader.pch";
				HEADER_SEARCH_PATHS = (
					"$(inherited)",
					"$(PROJECT_DIR)/lightspeed-ios-sdk-2.23.3/**",
				);
				INFOPLIST_FILE = Joka/Info.plist;
				IPHONEOS_DEPLOYMENT_TARGET = 7.0;
				LD_RUNPATH_SEARCH_PATHS = "$(inherited) @executable_path/Frameworks";
				LIBRARY_SEARCH_PATHS = (
					"$(PROJECT_DIR)",
					"$(PROJECT_DIR)/lightspeed-ios-sdk-2.23.3/**",
				);
				ONLY_ACTIVE_ARCH = NO;
				OTHER_LDFLAGS = "-all_load";
				PRODUCT_NAME = "$(TARGET_NAME)";
				PROVISIONING_PROFILE = "";
			};
			name = Release;
		};
		67E12EBF1B31221700761D69 /* Debug */ = {
			isa = XCBuildConfiguration;
			buildSettings = {
				BUNDLE_LOADER = "$(TEST_HOST)";
				FRAMEWORK_SEARCH_PATHS = (
					"$(SDKROOT)/Developer/Library/Frameworks",
					"$(inherited)",
				);
				GCC_PREPROCESSOR_DEFINITIONS = (
					"DEBUG=1",
					"$(inherited)",
				);
				INFOPLIST_FILE = JokaTests/Info.plist;
				LD_RUNPATH_SEARCH_PATHS = "$(inherited) @executable_path/Frameworks @loader_path/Frameworks";
				PRODUCT_NAME = "$(TARGET_NAME)";
				TEST_HOST = "$(BUILT_PRODUCTS_DIR)/Joka.app/Joka";
			};
			name = Debug;
		};
		67E12EC01B31221700761D69 /* Release */ = {
			isa = XCBuildConfiguration;
			buildSettings = {
				BUNDLE_LOADER = "$(TEST_HOST)";
				FRAMEWORK_SEARCH_PATHS = (
					"$(SDKROOT)/Developer/Library/Frameworks",
					"$(inherited)",
				);
				INFOPLIST_FILE = JokaTests/Info.plist;
				LD_RUNPATH_SEARCH_PATHS = "$(inherited) @executable_path/Frameworks @loader_path/Frameworks";
				PRODUCT_NAME = "$(TARGET_NAME)";
				TEST_HOST = "$(BUILT_PRODUCTS_DIR)/Joka.app/Joka";
			};
			name = Release;
		};
/* End XCBuildConfiguration section */

/* Begin XCConfigurationList section */
		67E12E931B31221700761D69 /* Build configuration list for PBXProject "Joka" */ = {
			isa = XCConfigurationList;
			buildConfigurations = (
				67E12EB91B31221700761D69 /* Debug */,
				67E12EBA1B31221700761D69 /* Release */,
			);
			defaultConfigurationIsVisible = 0;
			defaultConfigurationName = Release;
		};
		67E12EBB1B31221700761D69 /* Build configuration list for PBXNativeTarget "Joka" */ = {
			isa = XCConfigurationList;
			buildConfigurations = (
				67E12EBC1B31221700761D69 /* Debug */,
				67E12EBD1B31221700761D69 /* Release */,
			);
			defaultConfigurationIsVisible = 0;
			defaultConfigurationName = Release;
		};
		67E12EBE1B31221700761D69 /* Build configuration list for PBXNativeTarget "JokaTests" */ = {
			isa = XCConfigurationList;
			buildConfigurations = (
				67E12EBF1B31221700761D69 /* Debug */,
				67E12EC01B31221700761D69 /* Release */,
			);
			defaultConfigurationIsVisible = 0;
			defaultConfigurationName = Release;
		};
/* End XCConfigurationList section */

/* Begin XCVersionGroup section */
		6713A68C1B46540100E3D2B5 /* Joka.xcdatamodeld */ = {
			isa = XCVersionGroup;
			children = (
				6713A68D1B46540100E3D2B5 /* IMChat.xcdatamodel */,
			);
			currentVersion = 6713A68D1B46540100E3D2B5 /* IMChat.xcdatamodel */;
			path = Joka.xcdatamodeld;
			sourceTree = "<group>";
			versionGroupType = wrapper.xcdatamodel;
		};
/* End XCVersionGroup section */
	};
	rootObject = 67E12E901B31221700761D69 /* Project object */;
}
